// !$*UTF8*$!
{
	archiveVersion = 1;
	classes = {
	};
	objectVersion = 46;
	objects = {

/* Begin PBXBuildFile section */
		76B28C191C66C84A008407EE /* AppDelegate.swift in Sources */ = {isa = PBXBuildFile; fileRef = 76B28C181C66C84A008407EE /* AppDelegate.swift */; };
		76B28C1B1C66C84A008407EE /* CampaignsViewController.swift in Sources */ = {isa = PBXBuildFile; fileRef = 76B28C1A1C66C84A008407EE /* CampaignsViewController.swift */; };
		76B28C1D1C66C84A008407EE /* SecondViewController.swift in Sources */ = {isa = PBXBuildFile; fileRef = 76B28C1C1C66C84A008407EE /* SecondViewController.swift */; };
		76B28C201C66C84A008407EE /* Main.storyboard in Resources */ = {isa = PBXBuildFile; fileRef = 76B28C1E1C66C84A008407EE /* Main.storyboard */; };
		76B28C221C66C84A008407EE /* Assets.xcassets in Resources */ = {isa = PBXBuildFile; fileRef = 76B28C211C66C84A008407EE /* Assets.xcassets */; };
		76B28C251C66C84A008407EE /* LaunchScreen.storyboard in Resources */ = {isa = PBXBuildFile; fileRef = 76B28C231C66C84A008407EE /* LaunchScreen.storyboard */; };
		76B28C301C66C84B008407EE /* PollingAppTests.swift in Sources */ = {isa = PBXBuildFile; fileRef = 76B28C2F1C66C84B008407EE /* PollingAppTests.swift */; };
		76B28C3B1C66C84B008407EE /* PollingAppUITests.swift in Sources */ = {isa = PBXBuildFile; fileRef = 76B28C3A1C66C84B008407EE /* PollingAppUITests.swift */; };
		76B28C491C66CAAA008407EE /* InputNameViewController.swift in Sources */ = {isa = PBXBuildFile; fileRef = 76B28C481C66CAAA008407EE /* InputNameViewController.swift */; };
		76B28C4C1C66CC75008407EE /* Constants.swift in Sources */ = {isa = PBXBuildFile; fileRef = 76B28C4B1C66CC75008407EE /* Constants.swift */; };
		76B28C4F1C66CF8B008407EE /* CampaignView.swift in Sources */ = {isa = PBXBuildFile; fileRef = 76B28C4E1C66CF8B008407EE /* CampaignView.swift */; };
		76B28C511C66CFC8008407EE /* CampaignView.xib in Resources */ = {isa = PBXBuildFile; fileRef = 76B28C501C66CFC8008407EE /* CampaignView.xib */; };
		76B28C531C66D0B0008407EE /* CampaignViewContainer.swift in Sources */ = {isa = PBXBuildFile; fileRef = 76B28C521C66D0B0008407EE /* CampaignViewContainer.swift */; };
		76C150031C6FDE3E0066C0FE /* JoinRoomViewController.swift in Sources */ = {isa = PBXBuildFile; fileRef = 76C150021C6FDE3E0066C0FE /* JoinRoomViewController.swift */; };
		76C150051C6FDF4C0066C0FE /* CreatedQuestionsViewController.swift in Sources */ = {isa = PBXBuildFile; fileRef = 76C150041C6FDF4C0066C0FE /* CreatedQuestionsViewController.swift */; };
		76C150071C6FDF8E0066C0FE /* PollUserViewController.swift in Sources */ = {isa = PBXBuildFile; fileRef = 76C150061C6FDF8E0066C0FE /* PollUserViewController.swift */; };
		76C150091C6FDFCC0066C0FE /* CreateQuestionViewController.swift in Sources */ = {isa = PBXBuildFile; fileRef = 76C150081C6FDFCC0066C0FE /* CreateQuestionViewController.swift */; };
		76C1500B1C6FE0220066C0FE /* PollAdminViewController.swift in Sources */ = {isa = PBXBuildFile; fileRef = 76C1500A1C6FE0220066C0FE /* PollAdminViewController.swift */; };
		76C1500D1C6FE0550066C0FE /* PollResultsViewController.swift in Sources */ = {isa = PBXBuildFile; fileRef = 76C1500C1C6FE0550066C0FE /* PollResultsViewController.swift */; };
		76C1500F1C6FE14C0066C0FE /* RoomViewContainer.swift in Sources */ = {isa = PBXBuildFile; fileRef = 76C1500E1C6FE14C0066C0FE /* RoomViewContainer.swift */; };
		76C150111C6FE15F0066C0FE /* RoomViewContainer.xib in Resources */ = {isa = PBXBuildFile; fileRef = 76C150101C6FE15F0066C0FE /* RoomViewContainer.xib */; };
		76FE0AAC1C676688005DFD2C /* DynamicScrollView.swift in Sources */ = {isa = PBXBuildFile; fileRef = 76FE0AAB1C676688005DFD2C /* DynamicScrollView.swift */; };
		D090483B1C6FF70900A497BC /* PollResultsView.xib in Resources */ = {isa = PBXBuildFile; fileRef = D090483A1C6FF70900A497BC /* PollResultsView.xib */; };
		D0E0883A1C6FF3210026CCD9 /* PollResultsView.swift in Sources */ = {isa = PBXBuildFile; fileRef = D0E088391C6FF3210026CCD9 /* PollResultsView.swift */; };
		D0E0883C1C6FF6E20026CCD9 /* Answers.xib in Resources */ = {isa = PBXBuildFile; fileRef = D0E0883B1C6FF6E20026CCD9 /* Answers.xib */; };
/* End PBXBuildFile section */

/* Begin PBXContainerItemProxy section */
		76B28C2C1C66C84B008407EE /* PBXContainerItemProxy */ = {
			isa = PBXContainerItemProxy;
			containerPortal = 76B28C0D1C66C84A008407EE /* Project object */;
			proxyType = 1;
			remoteGlobalIDString = 76B28C141C66C84A008407EE;
			remoteInfo = PollingApp;
		};
		76B28C371C66C84B008407EE /* PBXContainerItemProxy */ = {
			isa = PBXContainerItemProxy;
			containerPortal = 76B28C0D1C66C84A008407EE /* Project object */;
			proxyType = 1;
			remoteGlobalIDString = 76B28C141C66C84A008407EE;
			remoteInfo = PollingApp;
		};
/* End PBXContainerItemProxy section */

/* Begin PBXFileReference section */
		76B28C151C66C84A008407EE /* PollingApp.app */ = {isa = PBXFileReference; explicitFileType = wrapper.application; includeInIndex = 0; path = PollingApp.app; sourceTree = BUILT_PRODUCTS_DIR; };
		76B28C181C66C84A008407EE /* AppDelegate.swift */ = {isa = PBXFileReference; lastKnownFileType = sourcecode.swift; path = AppDelegate.swift; sourceTree = "<group>"; };
		76B28C1A1C66C84A008407EE /* CampaignsViewController.swift */ = {isa = PBXFileReference; lastKnownFileType = sourcecode.swift; path = CampaignsViewController.swift; sourceTree = "<group>"; };
		76B28C1C1C66C84A008407EE /* SecondViewController.swift */ = {isa = PBXFileReference; lastKnownFileType = sourcecode.swift; path = SecondViewController.swift; sourceTree = "<group>"; };
		76B28C1F1C66C84A008407EE /* Base */ = {isa = PBXFileReference; lastKnownFileType = file.storyboard; name = Base; path = Base.lproj/Main.storyboard; sourceTree = "<group>"; };
		76B28C211C66C84A008407EE /* Assets.xcassets */ = {isa = PBXFileReference; lastKnownFileType = folder.assetcatalog; path = Assets.xcassets; sourceTree = "<group>"; };
		76B28C241C66C84A008407EE /* Base */ = {isa = PBXFileReference; lastKnownFileType = file.storyboard; name = Base; path = Base.lproj/LaunchScreen.storyboard; sourceTree = "<group>"; };
		76B28C261C66C84A008407EE /* Info.plist */ = {isa = PBXFileReference; lastKnownFileType = text.plist.xml; path = Info.plist; sourceTree = "<group>"; };
		76B28C2B1C66C84B008407EE /* PollingAppTests.xctest */ = {isa = PBXFileReference; explicitFileType = wrapper.cfbundle; includeInIndex = 0; path = PollingAppTests.xctest; sourceTree = BUILT_PRODUCTS_DIR; };
		76B28C2F1C66C84B008407EE /* PollingAppTests.swift */ = {isa = PBXFileReference; lastKnownFileType = sourcecode.swift; path = PollingAppTests.swift; sourceTree = "<group>"; };
		76B28C311C66C84B008407EE /* Info.plist */ = {isa = PBXFileReference; lastKnownFileType = text.plist.xml; path = Info.plist; sourceTree = "<group>"; };
		76B28C361C66C84B008407EE /* PollingAppUITests.xctest */ = {isa = PBXFileReference; explicitFileType = wrapper.cfbundle; includeInIndex = 0; path = PollingAppUITests.xctest; sourceTree = BUILT_PRODUCTS_DIR; };
		76B28C3A1C66C84B008407EE /* PollingAppUITests.swift */ = {isa = PBXFileReference; lastKnownFileType = sourcecode.swift; path = PollingAppUITests.swift; sourceTree = "<group>"; };
		76B28C3C1C66C84B008407EE /* Info.plist */ = {isa = PBXFileReference; lastKnownFileType = text.plist.xml; path = Info.plist; sourceTree = "<group>"; };
		76B28C481C66CAAA008407EE /* InputNameViewController.swift */ = {isa = PBXFileReference; fileEncoding = 4; lastKnownFileType = sourcecode.swift; path = InputNameViewController.swift; sourceTree = "<group>"; };
		76B28C4B1C66CC75008407EE /* Constants.swift */ = {isa = PBXFileReference; fileEncoding = 4; lastKnownFileType = sourcecode.swift; path = Constants.swift; sourceTree = "<group>"; };
		76B28C4E1C66CF8B008407EE /* CampaignView.swift */ = {isa = PBXFileReference; fileEncoding = 4; lastKnownFileType = sourcecode.swift; path = CampaignView.swift; sourceTree = "<group>"; };
		76B28C501C66CFC8008407EE /* CampaignView.xib */ = {isa = PBXFileReference; fileEncoding = 4; lastKnownFileType = file.xib; path = CampaignView.xib; sourceTree = "<group>"; };
		76B28C521C66D0B0008407EE /* CampaignViewContainer.swift */ = {isa = PBXFileReference; fileEncoding = 4; lastKnownFileType = sourcecode.swift; path = CampaignViewContainer.swift; sourceTree = "<group>"; };
		76C150021C6FDE3E0066C0FE /* JoinRoomViewController.swift */ = {isa = PBXFileReference; fileEncoding = 4; lastKnownFileType = sourcecode.swift; path = JoinRoomViewController.swift; sourceTree = "<group>"; };
		76C150041C6FDF4C0066C0FE /* CreatedQuestionsViewController.swift */ = {isa = PBXFileReference; fileEncoding = 4; lastKnownFileType = sourcecode.swift; path = CreatedQuestionsViewController.swift; sourceTree = "<group>"; };
		76C150061C6FDF8E0066C0FE /* PollUserViewController.swift */ = {isa = PBXFileReference; fileEncoding = 4; lastKnownFileType = sourcecode.swift; path = PollUserViewController.swift; sourceTree = "<group>"; };
		76C150081C6FDFCC0066C0FE /* CreateQuestionViewController.swift */ = {isa = PBXFileReference; fileEncoding = 4; lastKnownFileType = sourcecode.swift; path = CreateQuestionViewController.swift; sourceTree = "<group>"; };
		76C1500A1C6FE0220066C0FE /* PollAdminViewController.swift */ = {isa = PBXFileReference; fileEncoding = 4; lastKnownFileType = sourcecode.swift; path = PollAdminViewController.swift; sourceTree = "<group>"; };
		76C1500C1C6FE0550066C0FE /* PollResultsViewController.swift */ = {isa = PBXFileReference; fileEncoding = 4; lastKnownFileType = sourcecode.swift; path = PollResultsViewController.swift; sourceTree = "<group>"; };
		76C1500E1C6FE14C0066C0FE /* RoomViewContainer.swift */ = {isa = PBXFileReference; fileEncoding = 4; lastKnownFileType = sourcecode.swift; path = RoomViewContainer.swift; sourceTree = "<group>"; };
		76C150101C6FE15F0066C0FE /* RoomViewContainer.xib */ = {isa = PBXFileReference; fileEncoding = 4; lastKnownFileType = file.xib; path = RoomViewContainer.xib; sourceTree = "<group>"; };
		76FE0AAB1C676688005DFD2C /* DynamicScrollView.swift */ = {isa = PBXFileReference; fileEncoding = 4; lastKnownFileType = sourcecode.swift; path = DynamicScrollView.swift; sourceTree = "<group>"; };
		D090483A1C6FF70900A497BC /* PollResultsView.xib */ = {isa = PBXFileReference; fileEncoding = 4; lastKnownFileType = file.xib; path = PollResultsView.xib; sourceTree = "<group>"; };
		D0E088391C6FF3210026CCD9 /* PollResultsView.swift */ = {isa = PBXFileReference; fileEncoding = 4; lastKnownFileType = sourcecode.swift; path = PollResultsView.swift; sourceTree = "<group>"; };
		D0E0883B1C6FF6E20026CCD9 /* Answers.xib */ = {isa = PBXFileReference; fileEncoding = 4; lastKnownFileType = file.xib; path = Answers.xib; sourceTree = "<group>"; };
/* End PBXFileReference section */

/* Begin PBXFrameworksBuildPhase section */
		76B28C121C66C84A008407EE /* Frameworks */ = {
			isa = PBXFrameworksBuildPhase;
			buildActionMask = 2147483647;
			files = (
			);
			runOnlyForDeploymentPostprocessing = 0;
		};
		76B28C281C66C84B008407EE /* Frameworks */ = {
			isa = PBXFrameworksBuildPhase;
			buildActionMask = 2147483647;
			files = (
			);
			runOnlyForDeploymentPostprocessing = 0;
		};
		76B28C331C66C84B008407EE /* Frameworks */ = {
			isa = PBXFrameworksBuildPhase;
			buildActionMask = 2147483647;
			files = (
			);
			runOnlyForDeploymentPostprocessing = 0;
		};
/* End PBXFrameworksBuildPhase section */

/* Begin PBXGroup section */
		76B28C0C1C66C84A008407EE = {
			isa = PBXGroup;
			children = (
				76B28C171C66C84A008407EE /* PollingApp */,
				76B28C2E1C66C84B008407EE /* PollingAppTests */,
				76B28C391C66C84B008407EE /* PollingAppUITests */,
				76B28C161C66C84A008407EE /* Products */,
			);
			sourceTree = "<group>";
		};
		76B28C161C66C84A008407EE /* Products */ = {
			isa = PBXGroup;
			children = (
				76B28C151C66C84A008407EE /* PollingApp.app */,
				76B28C2B1C66C84B008407EE /* PollingAppTests.xctest */,
				76B28C361C66C84B008407EE /* PollingAppUITests.xctest */,
			);
			name = Products;
			sourceTree = "<group>";
		};
		76B28C171C66C84A008407EE /* PollingApp */ = {
			isa = PBXGroup;
			children = (
				76B28C181C66C84A008407EE /* AppDelegate.swift */,
				76B28C4B1C66CC75008407EE /* Constants.swift */,
				76B28C4A1C66CAB3008407EE /* view controllers */,
				76B28C4D1C66CF66008407EE /* custom views */,
				76B28C1E1C66C84A008407EE /* Main.storyboard */,
				76B28C211C66C84A008407EE /* Assets.xcassets */,
				76B28C231C66C84A008407EE /* LaunchScreen.storyboard */,
				76B28C261C66C84A008407EE /* Info.plist */,
			);
			path = PollingApp;
			sourceTree = "<group>";
		};
		76B28C2E1C66C84B008407EE /* PollingAppTests */ = {
			isa = PBXGroup;
			children = (
				76B28C2F1C66C84B008407EE /* PollingAppTests.swift */,
				76B28C311C66C84B008407EE /* Info.plist */,
			);
			path = PollingAppTests;
			sourceTree = "<group>";
		};
		76B28C391C66C84B008407EE /* PollingAppUITests */ = {
			isa = PBXGroup;
			children = (
				76B28C3A1C66C84B008407EE /* PollingAppUITests.swift */,
				76B28C3C1C66C84B008407EE /* Info.plist */,
			);
			path = PollingAppUITests;
			sourceTree = "<group>";
		};
		76B28C4A1C66CAB3008407EE /* view controllers */ = {
			isa = PBXGroup;
			children = (
				76B28C481C66CAAA008407EE /* InputNameViewController.swift */,
				76C150081C6FDFCC0066C0FE /* CreateQuestionViewController.swift */,
				76C1500A1C6FE0220066C0FE /* PollAdminViewController.swift */,
				76C1500C1C6FE0550066C0FE /* PollResultsViewController.swift */,
				76C150061C6FDF8E0066C0FE /* PollUserViewController.swift */,
				76C150041C6FDF4C0066C0FE /* CreatedQuestionsViewController.swift */,
				76C150021C6FDE3E0066C0FE /* JoinRoomViewController.swift */,
				76B28C1A1C66C84A008407EE /* CampaignsViewController.swift */,
				76B28C1C1C66C84A008407EE /* SecondViewController.swift */,
			);
			path = "view controllers";
			sourceTree = "<group>";
		};
		76B28C4D1C66CF66008407EE /* custom views */ = {
			isa = PBXGroup;
			children = (
				D0E088381C6FF30D0026CCD9 /* pollresultsviews */,
				76C150121C6FE1670066C0FE /* campaign views */,
				76C150131C6FE17C0066C0FE /* room views */,
			);
			path = "custom views";
			sourceTree = "<group>";
		};
		76C150121C6FE1670066C0FE /* campaign views */ = {
			isa = PBXGroup;
			children = (
				76B28C4E1C66CF8B008407EE /* CampaignView.swift */,
				76B28C501C66CFC8008407EE /* CampaignView.xib */,
				76B28C521C66D0B0008407EE /* CampaignViewContainer.swift */,
				76FE0AAB1C676688005DFD2C /* DynamicScrollView.swift */,
			);
			name = "campaign views";
			sourceTree = "<group>";
		};
		76C150131C6FE17C0066C0FE /* room views */ = {
			isa = PBXGroup;
			children = (
				76C1500E1C6FE14C0066C0FE /* RoomViewContainer.swift */,
				76C150101C6FE15F0066C0FE /* RoomViewContainer.xib */,
			);
			name = "room views";
			sourceTree = "<group>";
		};
		D0E088381C6FF30D0026CCD9 /* pollresultsviews */ = {
			isa = PBXGroup;
			children = (
				D0E088391C6FF3210026CCD9 /* PollResultsView.swift */,
				D090483A1C6FF70900A497BC /* PollResultsView.xib */,
				D0E0883B1C6FF6E20026CCD9 /* Answers.xib */,
			);
			name = pollresultsviews;
			sourceTree = "<group>";
		};
/* End PBXGroup section */

/* Begin PBXNativeTarget section */
		76B28C141C66C84A008407EE /* PollingApp */ = {
			isa = PBXNativeTarget;
			buildConfigurationList = 76B28C3F1C66C84B008407EE /* Build configuration list for PBXNativeTarget "PollingApp" */;
			buildPhases = (
				76B28C111C66C84A008407EE /* Sources */,
				76B28C121C66C84A008407EE /* Frameworks */,
				76B28C131C66C84A008407EE /* Resources */,
			);
			buildRules = (
			);
			dependencies = (
			);
			name = PollingApp;
			productName = PollingApp;
			productReference = 76B28C151C66C84A008407EE /* PollingApp.app */;
			productType = "com.apple.product-type.application";
		};
		76B28C2A1C66C84B008407EE /* PollingAppTests */ = {
			isa = PBXNativeTarget;
			buildConfigurationList = 76B28C421C66C84B008407EE /* Build configuration list for PBXNativeTarget "PollingAppTests" */;
			buildPhases = (
				76B28C271C66C84B008407EE /* Sources */,
				76B28C281C66C84B008407EE /* Frameworks */,
				76B28C291C66C84B008407EE /* Resources */,
			);
			buildRules = (
			);
			dependencies = (
				76B28C2D1C66C84B008407EE /* PBXTargetDependency */,
			);
			name = PollingAppTests;
			productName = PollingAppTests;
			productReference = 76B28C2B1C66C84B008407EE /* PollingAppTests.xctest */;
			productType = "com.apple.product-type.bundle.unit-test";
		};
		76B28C351C66C84B008407EE /* PollingAppUITests */ = {
			isa = PBXNativeTarget;
			buildConfigurationList = 76B28C451C66C84B008407EE /* Build configuration list for PBXNativeTarget "PollingAppUITests" */;
			buildPhases = (
				76B28C321C66C84B008407EE /* Sources */,
				76B28C331C66C84B008407EE /* Frameworks */,
				76B28C341C66C84B008407EE /* Resources */,
			);
			buildRules = (
			);
			dependencies = (
				76B28C381C66C84B008407EE /* PBXTargetDependency */,
			);
			name = PollingAppUITests;
			productName = PollingAppUITests;
			productReference = 76B28C361C66C84B008407EE /* PollingAppUITests.xctest */;
			productType = "com.apple.product-type.bundle.ui-testing";
		};
/* End PBXNativeTarget section */

/* Begin PBXProject section */
		76B28C0D1C66C84A008407EE /* Project object */ = {
			isa = PBXProject;
			attributes = {
				LastSwiftUpdateCheck = 0720;
				LastUpgradeCheck = 0720;
				ORGANIZATIONNAME = "Gabriel Uribe";
				TargetAttributes = {
					76B28C141C66C84A008407EE = {
						CreatedOnToolsVersion = 7.2.1;
					};
					76B28C2A1C66C84B008407EE = {
						CreatedOnToolsVersion = 7.2.1;
						TestTargetID = 76B28C141C66C84A008407EE;
					};
					76B28C351C66C84B008407EE = {
						CreatedOnToolsVersion = 7.2.1;
						TestTargetID = 76B28C141C66C84A008407EE;
					};
				};
			};
			buildConfigurationList = 76B28C101C66C84A008407EE /* Build configuration list for PBXProject "PollingApp" */;
			compatibilityVersion = "Xcode 3.2";
			developmentRegion = English;
			hasScannedForEncodings = 0;
			knownRegions = (
				en,
				Base,
			);
			mainGroup = 76B28C0C1C66C84A008407EE;
			productRefGroup = 76B28C161C66C84A008407EE /* Products */;
			projectDirPath = "";
			projectRoot = "";
			targets = (
				76B28C141C66C84A008407EE /* PollingApp */,
				76B28C2A1C66C84B008407EE /* PollingAppTests */,
				76B28C351C66C84B008407EE /* PollingAppUITests */,
			);
		};
/* End PBXProject section */

/* Begin PBXResourcesBuildPhase section */
		76B28C131C66C84A008407EE /* Resources */ = {
			isa = PBXResourcesBuildPhase;
			buildActionMask = 2147483647;
			files = (
				76B28C511C66CFC8008407EE /* CampaignView.xib in Resources */,
				76B28C251C66C84A008407EE /* LaunchScreen.storyboard in Resources */,
				76C150111C6FE15F0066C0FE /* RoomViewContainer.xib in Resources */,
				D0E0883C1C6FF6E20026CCD9 /* Answers.xib in Resources */,
				D090483B1C6FF70900A497BC /* PollResultsView.xib in Resources */,
				76B28C221C66C84A008407EE /* Assets.xcassets in Resources */,
				76B28C201C66C84A008407EE /* Main.storyboard in Resources */,
			);
			runOnlyForDeploymentPostprocessing = 0;
		};
		76B28C291C66C84B008407EE /* Resources */ = {
			isa = PBXResourcesBuildPhase;
			buildActionMask = 2147483647;
			files = (
			);
			runOnlyForDeploymentPostprocessing = 0;
		};
		76B28C341C66C84B008407EE /* Resources */ = {
			isa = PBXResourcesBuildPhase;
			buildActionMask = 2147483647;
			files = (
			);
			runOnlyForDeploymentPostprocessing = 0;
		};
/* End PBXResourcesBuildPhase section */

/* Begin PBXSourcesBuildPhase section */
		76B28C111C66C84A008407EE /* Sources */ = {
			isa = PBXSourcesBuildPhase;
			buildActionMask = 2147483647;
			files = (
				76B28C531C66D0B0008407EE /* CampaignViewContainer.swift in Sources */,
				76C150051C6FDF4C0066C0FE /* CreatedQuestionsViewController.swift in Sources */,
				76FE0AAC1C676688005DFD2C /* DynamicScrollView.swift in Sources */,
				76B28C4F1C66CF8B008407EE /* CampaignView.swift in Sources */,
				D0E0883A1C6FF3210026CCD9 /* PollResultsView.swift in Sources */,
				76C150091C6FDFCC0066C0FE /* CreateQuestionViewController.swift in Sources */,
				76B28C4C1C66CC75008407EE /* Constants.swift in Sources */,
				76B28C491C66CAAA008407EE /* InputNameViewController.swift in Sources */,
				76B28C1D1C66C84A008407EE /* SecondViewController.swift in Sources */,
				76C1500F1C6FE14C0066C0FE /* RoomViewContainer.swift in Sources */,
				76C1500D1C6FE0550066C0FE /* PollResultsViewController.swift in Sources */,
				76C1500B1C6FE0220066C0FE /* PollAdminViewController.swift in Sources */,
				76B28C191C66C84A008407EE /* AppDelegate.swift in Sources */,
				76B28C1B1C66C84A008407EE /* CampaignsViewController.swift in Sources */,
				76C150071C6FDF8E0066C0FE /* PollUserViewController.swift in Sources */,
				76C150031C6FDE3E0066C0FE /* JoinRoomViewController.swift in Sources */,
			);
			runOnlyForDeploymentPostprocessing = 0;
		};
		76B28C271C66C84B008407EE /* Sources */ = {
			isa = PBXSourcesBuildPhase;
			buildActionMask = 2147483647;
			files = (
				76B28C301C66C84B008407EE /* PollingAppTests.swift in Sources */,
			);
			runOnlyForDeploymentPostprocessing = 0;
		};
		76B28C321C66C84B008407EE /* Sources */ = {
			isa = PBXSourcesBuildPhase;
			buildActionMask = 2147483647;
			files = (
				76B28C3B1C66C84B008407EE /* PollingAppUITests.swift in Sources */,
			);
			runOnlyForDeploymentPostprocessing = 0;
		};
/* End PBXSourcesBuildPhase section */

/* Begin PBXTargetDependency section */
		76B28C2D1C66C84B008407EE /* PBXTargetDependency */ = {
			isa = PBXTargetDependency;
			target = 76B28C141C66C84A008407EE /* PollingApp */;
			targetProxy = 76B28C2C1C66C84B008407EE /* PBXContainerItemProxy */;
		};
		76B28C381C66C84B008407EE /* PBXTargetDependency */ = {
			isa = PBXTargetDependency;
			target = 76B28C141C66C84A008407EE /* PollingApp */;
			targetProxy = 76B28C371C66C84B008407EE /* PBXContainerItemProxy */;
		};
/* End PBXTargetDependency section */

/* Begin PBXVariantGroup section */
		76B28C1E1C66C84A008407EE /* Main.storyboard */ = {
			isa = PBXVariantGroup;
			children = (
				76B28C1F1C66C84A008407EE /* Base */,
			);
			name = Main.storyboard;
			sourceTree = "<group>";
		};
		76B28C231C66C84A008407EE /* LaunchScreen.storyboard */ = {
			isa = PBXVariantGroup;
			children = (
				76B28C241C66C84A008407EE /* Base */,
			);
			name = LaunchScreen.storyboard;
			sourceTree = "<group>";
		};
/* End PBXVariantGroup section */

/* Begin XCBuildConfiguration section */
		76B28C3D1C66C84B008407EE /* Debug */ = {
			isa = XCBuildConfiguration;
			buildSettings = {
				ALWAYS_SEARCH_USER_PATHS = NO;
				CLANG_CXX_LANGUAGE_STANDARD = "gnu++0x";
				CLANG_CXX_LIBRARY = "libc++";
				CLANG_ENABLE_MODULES = YES;
				CLANG_ENABLE_OBJC_ARC = YES;
				CLANG_WARN_BOOL_CONVERSION = YES;
				CLANG_WARN_CONSTANT_CONVERSION = YES;
				CLANG_WARN_DIRECT_OBJC_ISA_USAGE = YES_ERROR;
				CLANG_WARN_EMPTY_BODY = YES;
				CLANG_WARN_ENUM_CONVERSION = YES;
				CLANG_WARN_INT_CONVERSION = YES;
				CLANG_WARN_OBJC_ROOT_CLASS = YES_ERROR;
				CLANG_WARN_UNREACHABLE_CODE = YES;
				CLANG_WARN__DUPLICATE_METHOD_MATCH = YES;
				"CODE_SIGN_IDENTITY[sdk=iphoneos*]" = "iPhone Developer";
				COPY_PHASE_STRIP = NO;
				DEBUG_INFORMATION_FORMAT = dwarf;
				ENABLE_STRICT_OBJC_MSGSEND = YES;
				ENABLE_TESTABILITY = YES;
				GCC_C_LANGUAGE_STANDARD = gnu99;
				GCC_DYNAMIC_NO_PIC = NO;
				GCC_NO_COMMON_BLOCKS = YES;
				GCC_OPTIMIZATION_LEVEL = 0;
				GCC_PREPROCESSOR_DEFINITIONS = (
					"DEBUG=1",
					"$(inherited)",
				);
				GCC_WARN_64_TO_32_BIT_CONVERSION = YES;
				GCC_WARN_ABOUT_RETURN_TYPE = YES_ERROR;
				GCC_WARN_UNDECLARED_SELECTOR = YES;
				GCC_WARN_UNINITIALIZED_AUTOS = YES_AGGRESSIVE;
				GCC_WARN_UNUSED_FUNCTION = YES;
				GCC_WARN_UNUSED_VARIABLE = YES;
				IPHONEOS_DEPLOYMENT_TARGET = 9.2;
				MTL_ENABLE_DEBUG_INFO = YES;
				ONLY_ACTIVE_ARCH = YES;
				SDKROOT = iphoneos;
				SWIFT_OPTIMIZATION_LEVEL = "-Onone";
				TARGETED_DEVICE_FAMILY = "1,2";
			};
			name = Debug;
		};
		76B28C3E1C66C84B008407EE /* Release */ = {
			isa = XCBuildConfiguration;
			buildSettings = {
				ALWAYS_SEARCH_USER_PATHS = NO;
				CLANG_CXX_LANGUAGE_STANDARD = "gnu++0x";
				CLANG_CXX_LIBRARY = "libc++";
				CLANG_ENABLE_MODULES = YES;
				CLANG_ENABLE_OBJC_ARC = YES;
				CLANG_WARN_BOOL_CONVERSION = YES;
				CLANG_WARN_CONSTANT_CONVERSION = YES;
				CLANG_WARN_DIRECT_OBJC_ISA_USAGE = YES_ERROR;
				CLANG_WARN_EMPTY_BODY = YES;
				CLANG_WARN_ENUM_CONVERSION = YES;
				CLANG_WARN_INT_CONVERSION = YES;
				CLANG_WARN_OBJC_ROOT_CLASS = YES_ERROR;
				CLANG_WARN_UNREACHABLE_CODE = YES;
				CLANG_WARN__DUPLICATE_METHOD_MATCH = YES;
				"CODE_SIGN_IDENTITY[sdk=iphoneos*]" = "iPhone Developer";
				COPY_PHASE_STRIP = NO;
				DEBUG_INFORMATION_FORMAT = "dwarf-with-dsym";
				ENABLE_NS_ASSERTIONS = NO;
				ENABLE_STRICT_OBJC_MSGSEND = YES;
				GCC_C_LANGUAGE_STANDARD = gnu99;
				GCC_NO_COMMON_BLOCKS = YES;
				GCC_WARN_64_TO_32_BIT_CONVERSION = YES;
				GCC_WARN_ABOUT_RETURN_TYPE = YES_ERROR;
				GCC_WARN_UNDECLARED_SELECTOR = YES;
				GCC_WARN_UNINITIALIZED_AUTOS = YES_AGGRESSIVE;
				GCC_WARN_UNUSED_FUNCTION = YES;
				GCC_WARN_UNUSED_VARIABLE = YES;
				IPHONEOS_DEPLOYMENT_TARGET = 9.2;
				MTL_ENABLE_DEBUG_INFO = NO;
				SDKROOT = iphoneos;
				TARGETED_DEVICE_FAMILY = "1,2";
				VALIDATE_PRODUCT = YES;
			};
			name = Release;
		};
		76B28C401C66C84B008407EE /* Debug */ = {
			isa = XCBuildConfiguration;
			buildSettings = {
				ASSETCATALOG_COMPILER_APPICON_NAME = AppIcon;
				INFOPLIST_FILE = PollingApp/Info.plist;
				LD_RUNPATH_SEARCH_PATHS = "$(inherited) @executable_path/Frameworks";
				PRODUCT_BUNDLE_IDENTIFIER = Gabriel.PollingApp;
				PRODUCT_NAME = "$(TARGET_NAME)";
			};
			name = Debug;
		};
		76B28C411C66C84B008407EE /* Release */ = {
			isa = XCBuildConfiguration;
			buildSettings = {
				ASSETCATALOG_COMPILER_APPICON_NAME = AppIcon;
				INFOPLIST_FILE = PollingApp/Info.plist;
				LD_RUNPATH_SEARCH_PATHS = "$(inherited) @executable_path/Frameworks";
				PRODUCT_BUNDLE_IDENTIFIER = Gabriel.PollingApp;
				PRODUCT_NAME = "$(TARGET_NAME)";
			};
			name = Release;
		};
		76B28C431C66C84B008407EE /* Debug */ = {
			isa = XCBuildConfiguration;
			buildSettings = {
				BUNDLE_LOADER = "$(TEST_HOST)";
				INFOPLIST_FILE = PollingAppTests/Info.plist;
				LD_RUNPATH_SEARCH_PATHS = "$(inherited) @executable_path/Frameworks @loader_path/Frameworks";
				PRODUCT_BUNDLE_IDENTIFIER = Gabriel.PollingAppTests;
				PRODUCT_NAME = "$(TARGET_NAME)";
				TEST_HOST = "$(BUILT_PRODUCTS_DIR)/PollingApp.app/PollingApp";
			};
			name = Debug;
		};
		76B28C441C66C84B008407EE /* Release */ = {
			isa = XCBuildConfiguration;
			buildSettings = {
				BUNDLE_LOADER = "$(TEST_HOST)";
				INFOPLIST_FILE = PollingAppTests/Info.plist;
				LD_RUNPATH_SEARCH_PATHS = "$(inherited) @executable_path/Frameworks @loader_path/Frameworks";
				PRODUCT_BUNDLE_IDENTIFIER = Gabriel.PollingAppTests;
				PRODUCT_NAME = "$(TARGET_NAME)";
				TEST_HOST = "$(BUILT_PRODUCTS_DIR)/PollingApp.app/PollingApp";
			};
			name = Release;
		};
		76B28C461C66C84B008407EE /* Debug */ = {
			isa = XCBuildConfiguration;
			buildSettings = {
				INFOPLIST_FILE = PollingAppUITests/Info.plist;
				LD_RUNPATH_SEARCH_PATHS = "$(inherited) @executable_path/Frameworks @loader_path/Frameworks";
				PRODUCT_BUNDLE_IDENTIFIER = Gabriel.PollingAppUITests;
				PRODUCT_NAME = "$(TARGET_NAME)";
				TEST_TARGET_NAME = PollingApp;
				USES_XCTRUNNER = YES;
			};
			name = Debug;
		};
		76B28C471C66C84B008407EE /* Release */ = {
			isa = XCBuildConfiguration;
			buildSettings = {
				INFOPLIST_FILE = PollingAppUITests/Info.plist;
				LD_RUNPATH_SEARCH_PATHS = "$(inherited) @executable_path/Frameworks @loader_path/Frameworks";
				PRODUCT_BUNDLE_IDENTIFIER = Gabriel.PollingAppUITests;
				PRODUCT_NAME = "$(TARGET_NAME)";
				TEST_TARGET_NAME = PollingApp;
				USES_XCTRUNNER = YES;
			};
			name = Release;
		};
/* End XCBuildConfiguration section */

/* Begin XCConfigurationList section */
		76B28C101C66C84A008407EE /* Build configuration list for PBXProject "PollingApp" */ = {
			isa = XCConfigurationList;
			buildConfigurations = (
				76B28C3D1C66C84B008407EE /* Debug */,
				76B28C3E1C66C84B008407EE /* Release */,
			);
			defaultConfigurationIsVisible = 0;
			defaultConfigurationName = Release;
		};
		76B28C3F1C66C84B008407EE /* Build configuration list for PBXNativeTarget "PollingApp" */ = {
			isa = XCConfigurationList;
			buildConfigurations = (
				76B28C401C66C84B008407EE /* Debug */,
				76B28C411C66C84B008407EE /* Release */,
			);
			defaultConfigurationIsVisible = 0;
			defaultConfigurationName = Release;
		};
		76B28C421C66C84B008407EE /* Build configuration list for PBXNativeTarget "PollingAppTests" */ = {
			isa = XCConfigurationList;
			buildConfigurations = (
				76B28C431C66C84B008407EE /* Debug */,
				76B28C441C66C84B008407EE /* Release */,
			);
			defaultConfigurationIsVisible = 0;
			defaultConfigurationName = Release;
		};
		76B28C451C66C84B008407EE /* Build configuration list for PBXNativeTarget "PollingAppUITests" */ = {
			isa = XCConfigurationList;
			buildConfigurations = (
				76B28C461C66C84B008407EE /* Debug */,
				76B28C471C66C84B008407EE /* Release */,
			);
			defaultConfigurationIsVisible = 0;
			defaultConfigurationName = Release;
		};
/* End XCConfigurationList section */
	};
	rootObject = 76B28C0D1C66C84A008407EE /* Project object */;
}
