// !$*UTF8*$!
{
	archiveVersion = 1;
	classes = {
	};
	objectVersion = 46;
	objects = {

/* Begin PBXBuildFile section */
		250E2B0500B548C2467E30CF /* Pods_PollingApp.framework in Frameworks */ = {isa = PBXBuildFile; fileRef = BE145B2DBCA1EC9373BDBFFA /* Pods_PollingApp.framework */; };
		3E7E717C4F6D5A585AE2C154 /* Pods_PollingAppUITests.framework in Frameworks */ = {isa = PBXBuildFile; fileRef = 8441E8DD16DDBF46611D1B6C /* Pods_PollingAppUITests.framework */; };
		43D5B4001D31BDF500A3EB5C /* MathUtilTest.swift in Sources */ = {isa = PBXBuildFile; fileRef = 43D5B3FF1D31BDF500A3EB5C /* MathUtilTest.swift */; };
		521E4FF91C8B9D48004A8F52 /* PollUserViewContainer.swift in Sources */ = {isa = PBXBuildFile; fileRef = 521E4FF51C8B9D48004A8F52 /* PollUserViewContainer.swift */; };
		521E4FFA1C8B9D48004A8F52 /* PollUserViewContainer.xib in Resources */ = {isa = PBXBuildFile; fileRef = 521E4FF61C8B9D48004A8F52 /* PollUserViewContainer.xib */; };
		523FCD021C9BD84A007EA5E1 /* RoomsNearbyViewContainer.swift in Sources */ = {isa = PBXBuildFile; fileRef = 523FCD011C9BD84A007EA5E1 /* RoomsNearbyViewContainer.swift */; };
		523FCD071C9BE1F3007EA5E1 /* RoomViewTableViewCell.swift in Sources */ = {isa = PBXBuildFile; fileRef = 523FCD051C9BE1F3007EA5E1 /* RoomViewTableViewCell.swift */; };
		523FCD081C9BE1F3007EA5E1 /* RoomViewTableViewCell.xib in Resources */ = {isa = PBXBuildFile; fileRef = 523FCD061C9BE1F3007EA5E1 /* RoomViewTableViewCell.xib */; };
		52A1795C1CB079E500BADA2A /* CampaignViewContainer.xib in Resources */ = {isa = PBXBuildFile; fileRef = 52A1795B1CB079E500BADA2A /* CampaignViewContainer.xib */; };
		52C2C65F1C9A7700001779F5 /* RoomsNearbyViewContainer.xib in Resources */ = {isa = PBXBuildFile; fileRef = 52C2C65E1C9A7700001779F5 /* RoomsNearbyViewContainer.xib */; };
		52D0395C1C989D8000367271 /* RoomsNearbyViewController.swift in Sources */ = {isa = PBXBuildFile; fileRef = 52D0395B1C989D8000367271 /* RoomsNearbyViewController.swift */; };
		52EB17B71CB21CC300C40DBC /* CampaignViewTableViewCell.xib in Resources */ = {isa = PBXBuildFile; fileRef = 52EB17B61CB21CC300C40DBC /* CampaignViewTableViewCell.xib */; };
		6E04B3DE1CDEB4FA003408AB /* PollResultsViewContainer.xib in Resources */ = {isa = PBXBuildFile; fileRef = 6E04B3DD1CDEB4FA003408AB /* PollResultsViewContainer.xib */; };
		6E3D7BED1CA4A243001E685B /* PollResultsTableViewCell.swift in Sources */ = {isa = PBXBuildFile; fileRef = 6E3D7BEB1CA4A243001E685B /* PollResultsTableViewCell.swift */; };
		6E3D7BEE1CA4A243001E685B /* PollResultsTableViewCell.xib in Resources */ = {isa = PBXBuildFile; fileRef = 6E3D7BEC1CA4A243001E685B /* PollResultsTableViewCell.xib */; };
		6E705D4E1C9925160096AD36 /* AnswerViewTableViewCell.swift in Sources */ = {isa = PBXBuildFile; fileRef = 6E705D4C1C9925160096AD36 /* AnswerViewTableViewCell.swift */; };
		6E705D4F1C9925160096AD36 /* AnswerViewTableViewCell.xib in Resources */ = {isa = PBXBuildFile; fileRef = 6E705D4D1C9925160096AD36 /* AnswerViewTableViewCell.xib */; };
		6ECA03751CFA510100FF7B4C /* GoogleService-Info.plist in Resources */ = {isa = PBXBuildFile; fileRef = 6ECA03741CFA510100FF7B4C /* GoogleService-Info.plist */; };
		76B28C191C66C84A008407EE /* AppDelegate.swift in Sources */ = {isa = PBXBuildFile; fileRef = 76B28C181C66C84A008407EE /* AppDelegate.swift */; };
		76B28C1B1C66C84A008407EE /* CampaignsViewController.swift in Sources */ = {isa = PBXBuildFile; fileRef = 76B28C1A1C66C84A008407EE /* CampaignsViewController.swift */; };
		76B28C1D1C66C84A008407EE /* SecondViewController.swift in Sources */ = {isa = PBXBuildFile; fileRef = 76B28C1C1C66C84A008407EE /* SecondViewController.swift */; };
		76B28C201C66C84A008407EE /* Main.storyboard in Resources */ = {isa = PBXBuildFile; fileRef = 76B28C1E1C66C84A008407EE /* Main.storyboard */; };
		76B28C221C66C84A008407EE /* Assets.xcassets in Resources */ = {isa = PBXBuildFile; fileRef = 76B28C211C66C84A008407EE /* Assets.xcassets */; };
		76B28C251C66C84A008407EE /* LaunchScreen.storyboard in Resources */ = {isa = PBXBuildFile; fileRef = 76B28C231C66C84A008407EE /* LaunchScreen.storyboard */; };
		76B28C301C66C84B008407EE /* PollingAppTests.swift in Sources */ = {isa = PBXBuildFile; fileRef = 76B28C2F1C66C84B008407EE /* PollingAppTests.swift */; };
		76B28C3B1C66C84B008407EE /* PollingAppUITests.swift in Sources */ = {isa = PBXBuildFile; fileRef = 76B28C3A1C66C84B008407EE /* PollingAppUITests.swift */; };
		76B28C491C66CAAA008407EE /* InputNameViewController.swift in Sources */ = {isa = PBXBuildFile; fileRef = 76B28C481C66CAAA008407EE /* InputNameViewController.swift */; };
		76B28C4C1C66CC75008407EE /* Constants.swift in Sources */ = {isa = PBXBuildFile; fileRef = 76B28C4B1C66CC75008407EE /* Constants.swift */; };
		76B28C4F1C66CF8B008407EE /* CampaignViewTableViewCell.swift in Sources */ = {isa = PBXBuildFile; fileRef = 76B28C4E1C66CF8B008407EE /* CampaignViewTableViewCell.swift */; };
		76B28C531C66D0B0008407EE /* CampaignViewContainer.swift in Sources */ = {isa = PBXBuildFile; fileRef = 76B28C521C66D0B0008407EE /* CampaignViewContainer.swift */; };
		76C150031C6FDE3E0066C0FE /* JoinRoomViewController.swift in Sources */ = {isa = PBXBuildFile; fileRef = 76C150021C6FDE3E0066C0FE /* JoinRoomViewController.swift */; };
		76C150051C6FDF4C0066C0FE /* CreatedQuestionsViewController.swift in Sources */ = {isa = PBXBuildFile; fileRef = 76C150041C6FDF4C0066C0FE /* CreatedQuestionsViewController.swift */; };
		76C150071C6FDF8E0066C0FE /* PollUserViewController.swift in Sources */ = {isa = PBXBuildFile; fileRef = 76C150061C6FDF8E0066C0FE /* PollUserViewController.swift */; };
		76C150091C6FDFCC0066C0FE /* CreateQuestionViewController.swift in Sources */ = {isa = PBXBuildFile; fileRef = 76C150081C6FDFCC0066C0FE /* CreateQuestionViewController.swift */; };
		76C1500B1C6FE0220066C0FE /* PollAdminViewController.swift in Sources */ = {isa = PBXBuildFile; fileRef = 76C1500A1C6FE0220066C0FE /* PollAdminViewController.swift */; };
		76C1500D1C6FE0550066C0FE /* PollResultsViewController.swift in Sources */ = {isa = PBXBuildFile; fileRef = 76C1500C1C6FE0550066C0FE /* PollResultsViewController.swift */; };
		76C1500F1C6FE14C0066C0FE /* RoomViewContainer.swift in Sources */ = {isa = PBXBuildFile; fileRef = 76C1500E1C6FE14C0066C0FE /* RoomViewContainer.swift */; };
		76C150111C6FE15F0066C0FE /* RoomViewContainer.xib in Resources */ = {isa = PBXBuildFile; fileRef = 76C150101C6FE15F0066C0FE /* RoomViewContainer.xib */; };
		C80396001C8CB5FE007C276F /* ModelInterface.swift in Sources */ = {isa = PBXBuildFile; fileRef = C80395FF1C8CB5FE007C276F /* ModelInterface.swift */; };
		C80396021C8CB73D007C276F /* TimerModelExtension.swift in Sources */ = {isa = PBXBuildFile; fileRef = C80396011C8CB73D007C276F /* TimerModelExtension.swift */; };
		C80396041C8CB743007C276F /* TimerModelProtocol.swift in Sources */ = {isa = PBXBuildFile; fileRef = C80396031C8CB743007C276F /* TimerModelProtocol.swift */; };
		C80396061C8CC790007C276F /* NameModelExtension.swift in Sources */ = {isa = PBXBuildFile; fileRef = C80396051C8CC790007C276F /* NameModelExtension.swift */; };
		C803960A1C8CC7F0007C276F /* NameModelProtocol.swift in Sources */ = {isa = PBXBuildFile; fileRef = C80396091C8CC7F0007C276F /* NameModelProtocol.swift */; };
		C803960D1C8CC8F7007C276F /* RoomModelProtocol.swift in Sources */ = {isa = PBXBuildFile; fileRef = C803960C1C8CC8F7007C276F /* RoomModelProtocol.swift */; };
		C803960F1C8CC995007C276F /* RoomModelExtentsion.swift in Sources */ = {isa = PBXBuildFile; fileRef = C803960E1C8CC995007C276F /* RoomModelExtentsion.swift */; };
		C80396141C8CD869007C276F /* QuestionModelProtocol.swift in Sources */ = {isa = PBXBuildFile; fileRef = C80396131C8CD869007C276F /* QuestionModelProtocol.swift */; };
		C80396161C8CE15E007C276F /* QuestionModelExtension.swift in Sources */ = {isa = PBXBuildFile; fileRef = C80396151C8CE15E007C276F /* QuestionModelExtension.swift */; };
		C80396191C8CE2FE007C276F /* AnswerModelProtocol.swift in Sources */ = {isa = PBXBuildFile; fileRef = C80396181C8CE2FE007C276F /* AnswerModelProtocol.swift */; };
		C803961B1C8CE6D0007C276F /* AnswerModelExtension.swift in Sources */ = {isa = PBXBuildFile; fileRef = C803961A1C8CE6D0007C276F /* AnswerModelExtension.swift */; };
		C80EE1971D287417005872DD /* TimerUtil.swift in Sources */ = {isa = PBXBuildFile; fileRef = C80EE1961D287417005872DD /* TimerUtil.swift */; };
		C80EE1991D287D39005872DD /* TimerUtilTest.swift in Sources */ = {isa = PBXBuildFile; fileRef = C80EE1981D287D39005872DD /* TimerUtilTest.swift */; };
		D0659D221CB068F600D98EED /* PollAdminViewContainer.xib in Resources */ = {isa = PBXBuildFile; fileRef = D0659D211CB068F600D98EED /* PollAdminViewContainer.xib */; };
		D0659D241CB06AAD00D98EED /* PollAdminViewContainer.swift in Sources */ = {isa = PBXBuildFile; fileRef = D0659D231CB06AAD00D98EED /* PollAdminViewContainer.swift */; };
		D0659D2F1CB0767300D98EED /* AnswerAdminTableViewCell.swift in Sources */ = {isa = PBXBuildFile; fileRef = D0659D2D1CB0767300D98EED /* AnswerAdminTableViewCell.swift */; };
		D0659D301CB0767300D98EED /* AnswerAdminTableViewCell.xib in Resources */ = {isa = PBXBuildFile; fileRef = D0659D2E1CB0767300D98EED /* AnswerAdminTableViewCell.xib */; };
		D07A88F11D319E360071FB6A /* MathUtil.swift in Sources */ = {isa = PBXBuildFile; fileRef = D07A88F01D319E360071FB6A /* MathUtil.swift */; };
		D0B241C81D10EF29006DD380 /* Question.swift in Sources */ = {isa = PBXBuildFile; fileRef = D0B241C71D10EF29006DD380 /* Question.swift */; };
		D0B241CA1D10F9E8006DD380 /* Answer.swift in Sources */ = {isa = PBXBuildFile; fileRef = D0B241C91D10F9E8006DD380 /* Answer.swift */; };
		D34296211C792F9C00C33920 /* PollResultsViewContainer.swift in Sources */ = {isa = PBXBuildFile; fileRef = D342961E1C792F9C00C33920 /* PollResultsViewContainer.swift */; };
		D34296261C79308900C33920 /* FirebaseData.swift in Sources */ = {isa = PBXBuildFile; fileRef = D34296251C79308900C33920 /* FirebaseData.swift */; };
		D3D4593B1C6FE626000ABD57 /* CreateQuestionContainerView.swift in Sources */ = {isa = PBXBuildFile; fileRef = D3D4593A1C6FE626000ABD57 /* CreateQuestionContainerView.swift */; };
		D3D4593D1C6FE646000ABD57 /* CreateQuestionContainerView.xib in Resources */ = {isa = PBXBuildFile; fileRef = D3D4593C1C6FE646000ABD57 /* CreateQuestionContainerView.xib */; };
		D79D6DB61C259CCB359D89CF /* Pods_PollingAppTests.framework in Frameworks */ = {isa = PBXBuildFile; fileRef = A66CDFCB36B3C4477960E23B /* Pods_PollingAppTests.framework */; };
/* End PBXBuildFile section */

/* Begin PBXContainerItemProxy section */
		76B28C2C1C66C84B008407EE /* PBXContainerItemProxy */ = {
			isa = PBXContainerItemProxy;
			containerPortal = 76B28C0D1C66C84A008407EE /* Project object */;
			proxyType = 1;
			remoteGlobalIDString = 76B28C141C66C84A008407EE;
			remoteInfo = PollingApp;
		};
		76B28C371C66C84B008407EE /* PBXContainerItemProxy */ = {
			isa = PBXContainerItemProxy;
			containerPortal = 76B28C0D1C66C84A008407EE /* Project object */;
			proxyType = 1;
			remoteGlobalIDString = 76B28C141C66C84A008407EE;
			remoteInfo = PollingApp;
		};
/* End PBXContainerItemProxy section */

/* Begin PBXFileReference section */
		3A613A0296CE71CACBB45669 /* Pods-PollingAppUITests.release.xcconfig */ = {isa = PBXFileReference; includeInIndex = 1; lastKnownFileType = text.xcconfig; name = "Pods-PollingAppUITests.release.xcconfig"; path = "Pods/Target Support Files/Pods-PollingAppUITests/Pods-PollingAppUITests.release.xcconfig"; sourceTree = "<group>"; };
		43D5B3FF1D31BDF500A3EB5C /* MathUtilTest.swift */ = {isa = PBXFileReference; fileEncoding = 4; lastKnownFileType = sourcecode.swift; path = MathUtilTest.swift; sourceTree = "<group>"; };
		521E4FF51C8B9D48004A8F52 /* PollUserViewContainer.swift */ = {isa = PBXFileReference; fileEncoding = 4; lastKnownFileType = sourcecode.swift; path = PollUserViewContainer.swift; sourceTree = "<group>"; };
		521E4FF61C8B9D48004A8F52 /* PollUserViewContainer.xib */ = {isa = PBXFileReference; fileEncoding = 4; lastKnownFileType = file.xib; path = PollUserViewContainer.xib; sourceTree = "<group>"; };
		523FCD011C9BD84A007EA5E1 /* RoomsNearbyViewContainer.swift */ = {isa = PBXFileReference; fileEncoding = 4; lastKnownFileType = sourcecode.swift; path = RoomsNearbyViewContainer.swift; sourceTree = "<group>"; };
		523FCD051C9BE1F3007EA5E1 /* RoomViewTableViewCell.swift */ = {isa = PBXFileReference; fileEncoding = 4; lastKnownFileType = sourcecode.swift; path = RoomViewTableViewCell.swift; sourceTree = "<group>"; };
		523FCD061C9BE1F3007EA5E1 /* RoomViewTableViewCell.xib */ = {isa = PBXFileReference; fileEncoding = 4; lastKnownFileType = file.xib; path = RoomViewTableViewCell.xib; sourceTree = "<group>"; };
		52A1795B1CB079E500BADA2A /* CampaignViewContainer.xib */ = {isa = PBXFileReference; fileEncoding = 4; lastKnownFileType = file.xib; path = CampaignViewContainer.xib; sourceTree = "<group>"; };
		52C2C65E1C9A7700001779F5 /* RoomsNearbyViewContainer.xib */ = {isa = PBXFileReference; fileEncoding = 4; lastKnownFileType = file.xib; path = RoomsNearbyViewContainer.xib; sourceTree = "<group>"; };
		52D0395B1C989D8000367271 /* RoomsNearbyViewController.swift */ = {isa = PBXFileReference; fileEncoding = 4; lastKnownFileType = sourcecode.swift; path = RoomsNearbyViewController.swift; sourceTree = "<group>"; };
		52EB17B61CB21CC300C40DBC /* CampaignViewTableViewCell.xib */ = {isa = PBXFileReference; fileEncoding = 4; lastKnownFileType = file.xib; path = CampaignViewTableViewCell.xib; sourceTree = "<group>"; };
		60036E3CCDA4832E9B1D4CC3 /* Pods-PollingAppTests.release.xcconfig */ = {isa = PBXFileReference; includeInIndex = 1; lastKnownFileType = text.xcconfig; name = "Pods-PollingAppTests.release.xcconfig"; path = "Pods/Target Support Files/Pods-PollingAppTests/Pods-PollingAppTests.release.xcconfig"; sourceTree = "<group>"; };
		651FCF0C72B145F476A07005 /* Pods-PollingAppTests.debug.xcconfig */ = {isa = PBXFileReference; includeInIndex = 1; lastKnownFileType = text.xcconfig; name = "Pods-PollingAppTests.debug.xcconfig"; path = "Pods/Target Support Files/Pods-PollingAppTests/Pods-PollingAppTests.debug.xcconfig"; sourceTree = "<group>"; };
		6A73DBBC734CAB0F5BD92DF3 /* Pods-PollingApp.release.xcconfig */ = {isa = PBXFileReference; includeInIndex = 1; lastKnownFileType = text.xcconfig; name = "Pods-PollingApp.release.xcconfig"; path = "Pods/Target Support Files/Pods-PollingApp/Pods-PollingApp.release.xcconfig"; sourceTree = "<group>"; };
		6E04B3DD1CDEB4FA003408AB /* PollResultsViewContainer.xib */ = {isa = PBXFileReference; fileEncoding = 4; lastKnownFileType = file.xib; name = PollResultsViewContainer.xib; path = pollresultsviews/PollResultsViewContainer.xib; sourceTree = "<group>"; };
		6E3D7BEB1CA4A243001E685B /* PollResultsTableViewCell.swift */ = {isa = PBXFileReference; fileEncoding = 4; lastKnownFileType = sourcecode.swift; path = PollResultsTableViewCell.swift; sourceTree = "<group>"; };
		6E3D7BEC1CA4A243001E685B /* PollResultsTableViewCell.xib */ = {isa = PBXFileReference; fileEncoding = 4; lastKnownFileType = file.xib; path = PollResultsTableViewCell.xib; sourceTree = "<group>"; };
		6E705D4C1C9925160096AD36 /* AnswerViewTableViewCell.swift */ = {isa = PBXFileReference; fileEncoding = 4; lastKnownFileType = sourcecode.swift; path = AnswerViewTableViewCell.swift; sourceTree = "<group>"; };
		6E705D4D1C9925160096AD36 /* AnswerViewTableViewCell.xib */ = {isa = PBXFileReference; fileEncoding = 4; lastKnownFileType = file.xib; path = AnswerViewTableViewCell.xib; sourceTree = "<group>"; };
		6ECA03741CFA510100FF7B4C /* GoogleService-Info.plist */ = {isa = PBXFileReference; fileEncoding = 4; lastKnownFileType = text.plist.xml; path = "GoogleService-Info.plist"; sourceTree = "<group>"; };
		76B28C151C66C84A008407EE /* PollingApp.app */ = {isa = PBXFileReference; explicitFileType = wrapper.application; includeInIndex = 0; path = PollingApp.app; sourceTree = BUILT_PRODUCTS_DIR; };
		76B28C181C66C84A008407EE /* AppDelegate.swift */ = {isa = PBXFileReference; lastKnownFileType = sourcecode.swift; path = AppDelegate.swift; sourceTree = "<group>"; };
		76B28C1A1C66C84A008407EE /* CampaignsViewController.swift */ = {isa = PBXFileReference; lastKnownFileType = sourcecode.swift; path = CampaignsViewController.swift; sourceTree = "<group>"; };
		76B28C1C1C66C84A008407EE /* SecondViewController.swift */ = {isa = PBXFileReference; lastKnownFileType = sourcecode.swift; path = SecondViewController.swift; sourceTree = "<group>"; };
		76B28C1F1C66C84A008407EE /* Base */ = {isa = PBXFileReference; lastKnownFileType = file.storyboard; name = Base; path = Base.lproj/Main.storyboard; sourceTree = "<group>"; };
		76B28C211C66C84A008407EE /* Assets.xcassets */ = {isa = PBXFileReference; lastKnownFileType = folder.assetcatalog; path = Assets.xcassets; sourceTree = "<group>"; };
		76B28C241C66C84A008407EE /* Base */ = {isa = PBXFileReference; lastKnownFileType = file.storyboard; name = Base; path = Base.lproj/LaunchScreen.storyboard; sourceTree = "<group>"; };
		76B28C261C66C84A008407EE /* Info.plist */ = {isa = PBXFileReference; lastKnownFileType = text.plist.xml; path = Info.plist; sourceTree = "<group>"; };
		76B28C2B1C66C84B008407EE /* PollingAppTests.xctest */ = {isa = PBXFileReference; explicitFileType = wrapper.cfbundle; includeInIndex = 0; path = PollingAppTests.xctest; sourceTree = BUILT_PRODUCTS_DIR; };
		76B28C2F1C66C84B008407EE /* PollingAppTests.swift */ = {isa = PBXFileReference; lastKnownFileType = sourcecode.swift; path = PollingAppTests.swift; sourceTree = "<group>"; };
		76B28C311C66C84B008407EE /* Info.plist */ = {isa = PBXFileReference; lastKnownFileType = text.plist.xml; path = Info.plist; sourceTree = "<group>"; };
		76B28C361C66C84B008407EE /* PollingAppUITests.xctest */ = {isa = PBXFileReference; explicitFileType = wrapper.cfbundle; includeInIndex = 0; path = PollingAppUITests.xctest; sourceTree = BUILT_PRODUCTS_DIR; };
		76B28C3A1C66C84B008407EE /* PollingAppUITests.swift */ = {isa = PBXFileReference; lastKnownFileType = sourcecode.swift; path = PollingAppUITests.swift; sourceTree = "<group>"; };
		76B28C3C1C66C84B008407EE /* Info.plist */ = {isa = PBXFileReference; lastKnownFileType = text.plist.xml; path = Info.plist; sourceTree = "<group>"; };
		76B28C481C66CAAA008407EE /* InputNameViewController.swift */ = {isa = PBXFileReference; fileEncoding = 4; lastKnownFileType = sourcecode.swift; path = InputNameViewController.swift; sourceTree = "<group>"; };
		76B28C4B1C66CC75008407EE /* Constants.swift */ = {isa = PBXFileReference; fileEncoding = 4; lastKnownFileType = sourcecode.swift; path = Constants.swift; sourceTree = "<group>"; };
		76B28C4E1C66CF8B008407EE /* CampaignViewTableViewCell.swift */ = {isa = PBXFileReference; fileEncoding = 4; lastKnownFileType = sourcecode.swift; path = CampaignViewTableViewCell.swift; sourceTree = "<group>"; };
		76B28C521C66D0B0008407EE /* CampaignViewContainer.swift */ = {isa = PBXFileReference; fileEncoding = 4; lastKnownFileType = sourcecode.swift; path = CampaignViewContainer.swift; sourceTree = "<group>"; };
		76C150021C6FDE3E0066C0FE /* JoinRoomViewController.swift */ = {isa = PBXFileReference; fileEncoding = 4; lastKnownFileType = sourcecode.swift; path = JoinRoomViewController.swift; sourceTree = "<group>"; };
		76C150041C6FDF4C0066C0FE /* CreatedQuestionsViewController.swift */ = {isa = PBXFileReference; fileEncoding = 4; lastKnownFileType = sourcecode.swift; path = CreatedQuestionsViewController.swift; sourceTree = "<group>"; };
		76C150061C6FDF8E0066C0FE /* PollUserViewController.swift */ = {isa = PBXFileReference; fileEncoding = 4; lastKnownFileType = sourcecode.swift; path = PollUserViewController.swift; sourceTree = "<group>"; };
		76C150081C6FDFCC0066C0FE /* CreateQuestionViewController.swift */ = {isa = PBXFileReference; fileEncoding = 4; lastKnownFileType = sourcecode.swift; path = CreateQuestionViewController.swift; sourceTree = "<group>"; };
		76C1500A1C6FE0220066C0FE /* PollAdminViewController.swift */ = {isa = PBXFileReference; fileEncoding = 4; lastKnownFileType = sourcecode.swift; path = PollAdminViewController.swift; sourceTree = "<group>"; };
		76C1500C1C6FE0550066C0FE /* PollResultsViewController.swift */ = {isa = PBXFileReference; fileEncoding = 4; lastKnownFileType = sourcecode.swift; path = PollResultsViewController.swift; sourceTree = "<group>"; };
		76C1500E1C6FE14C0066C0FE /* RoomViewContainer.swift */ = {isa = PBXFileReference; fileEncoding = 4; lastKnownFileType = sourcecode.swift; path = RoomViewContainer.swift; sourceTree = "<group>"; };
		76C150101C6FE15F0066C0FE /* RoomViewContainer.xib */ = {isa = PBXFileReference; fileEncoding = 4; lastKnownFileType = file.xib; path = RoomViewContainer.xib; sourceTree = "<group>"; };
		8441E8DD16DDBF46611D1B6C /* Pods_PollingAppUITests.framework */ = {isa = PBXFileReference; explicitFileType = wrapper.framework; includeInIndex = 0; path = Pods_PollingAppUITests.framework; sourceTree = BUILT_PRODUCTS_DIR; };
		A66CDFCB36B3C4477960E23B /* Pods_PollingAppTests.framework */ = {isa = PBXFileReference; explicitFileType = wrapper.framework; includeInIndex = 0; path = Pods_PollingAppTests.framework; sourceTree = BUILT_PRODUCTS_DIR; };
		BE145B2DBCA1EC9373BDBFFA /* Pods_PollingApp.framework */ = {isa = PBXFileReference; explicitFileType = wrapper.framework; includeInIndex = 0; path = Pods_PollingApp.framework; sourceTree = BUILT_PRODUCTS_DIR; };
		C58CF8BA5F6399BAAE94BC1F /* Pods-PollingApp.debug.xcconfig */ = {isa = PBXFileReference; includeInIndex = 1; lastKnownFileType = text.xcconfig; name = "Pods-PollingApp.debug.xcconfig"; path = "Pods/Target Support Files/Pods-PollingApp/Pods-PollingApp.debug.xcconfig"; sourceTree = "<group>"; };
		C80395FF1C8CB5FE007C276F /* ModelInterface.swift */ = {isa = PBXFileReference; fileEncoding = 4; lastKnownFileType = sourcecode.swift; path = ModelInterface.swift; sourceTree = "<group>"; };
		C80396011C8CB73D007C276F /* TimerModelExtension.swift */ = {isa = PBXFileReference; fileEncoding = 4; lastKnownFileType = sourcecode.swift; path = TimerModelExtension.swift; sourceTree = "<group>"; };
		C80396031C8CB743007C276F /* TimerModelProtocol.swift */ = {isa = PBXFileReference; fileEncoding = 4; lastKnownFileType = sourcecode.swift; path = TimerModelProtocol.swift; sourceTree = "<group>"; };
		C80396051C8CC790007C276F /* NameModelExtension.swift */ = {isa = PBXFileReference; fileEncoding = 4; lastKnownFileType = sourcecode.swift; path = NameModelExtension.swift; sourceTree = "<group>"; };
		C80396091C8CC7F0007C276F /* NameModelProtocol.swift */ = {isa = PBXFileReference; fileEncoding = 4; lastKnownFileType = sourcecode.swift; path = NameModelProtocol.swift; sourceTree = "<group>"; };
		C803960C1C8CC8F7007C276F /* RoomModelProtocol.swift */ = {isa = PBXFileReference; fileEncoding = 4; lastKnownFileType = sourcecode.swift; path = RoomModelProtocol.swift; sourceTree = "<group>"; };
		C803960E1C8CC995007C276F /* RoomModelExtentsion.swift */ = {isa = PBXFileReference; fileEncoding = 4; lastKnownFileType = sourcecode.swift; path = RoomModelExtentsion.swift; sourceTree = "<group>"; };
		C80396131C8CD869007C276F /* QuestionModelProtocol.swift */ = {isa = PBXFileReference; fileEncoding = 4; lastKnownFileType = sourcecode.swift; path = QuestionModelProtocol.swift; sourceTree = "<group>"; };
		C80396151C8CE15E007C276F /* QuestionModelExtension.swift */ = {isa = PBXFileReference; fileEncoding = 4; lastKnownFileType = sourcecode.swift; path = QuestionModelExtension.swift; sourceTree = "<group>"; };
		C80396181C8CE2FE007C276F /* AnswerModelProtocol.swift */ = {isa = PBXFileReference; fileEncoding = 4; lastKnownFileType = sourcecode.swift; path = AnswerModelProtocol.swift; sourceTree = "<group>"; };
		C803961A1C8CE6D0007C276F /* AnswerModelExtension.swift */ = {isa = PBXFileReference; fileEncoding = 4; lastKnownFileType = sourcecode.swift; path = AnswerModelExtension.swift; sourceTree = "<group>"; };
		C80EE1961D287417005872DD /* TimerUtil.swift */ = {isa = PBXFileReference; fileEncoding = 4; lastKnownFileType = sourcecode.swift; path = TimerUtil.swift; sourceTree = "<group>"; };
		C80EE1981D287D39005872DD /* TimerUtilTest.swift */ = {isa = PBXFileReference; fileEncoding = 4; lastKnownFileType = sourcecode.swift; path = TimerUtilTest.swift; sourceTree = "<group>"; };
		C985ED9000D18F78D6CB685A /* Pods-PollingAppUITests.debug.xcconfig */ = {isa = PBXFileReference; includeInIndex = 1; lastKnownFileType = text.xcconfig; name = "Pods-PollingAppUITests.debug.xcconfig"; path = "Pods/Target Support Files/Pods-PollingAppUITests/Pods-PollingAppUITests.debug.xcconfig"; sourceTree = "<group>"; };
		D0659D211CB068F600D98EED /* PollAdminViewContainer.xib */ = {isa = PBXFileReference; fileEncoding = 4; lastKnownFileType = file.xib; path = PollAdminViewContainer.xib; sourceTree = "<group>"; };
		D0659D231CB06AAD00D98EED /* PollAdminViewContainer.swift */ = {isa = PBXFileReference; fileEncoding = 4; lastKnownFileType = sourcecode.swift; path = PollAdminViewContainer.swift; sourceTree = "<group>"; };
		D0659D2D1CB0767300D98EED /* AnswerAdminTableViewCell.swift */ = {isa = PBXFileReference; fileEncoding = 4; lastKnownFileType = sourcecode.swift; path = AnswerAdminTableViewCell.swift; sourceTree = "<group>"; };
		D0659D2E1CB0767300D98EED /* AnswerAdminTableViewCell.xib */ = {isa = PBXFileReference; fileEncoding = 4; lastKnownFileType = file.xib; path = AnswerAdminTableViewCell.xib; sourceTree = "<group>"; };
		D07A88F01D319E360071FB6A /* MathUtil.swift */ = {isa = PBXFileReference; fileEncoding = 4; lastKnownFileType = sourcecode.swift; path = MathUtil.swift; sourceTree = "<group>"; };
		D0B241C71D10EF29006DD380 /* Question.swift */ = {isa = PBXFileReference; fileEncoding = 4; lastKnownFileType = sourcecode.swift; path = Question.swift; sourceTree = "<group>"; };
		D0B241C91D10F9E8006DD380 /* Answer.swift */ = {isa = PBXFileReference; fileEncoding = 4; lastKnownFileType = sourcecode.swift; path = Answer.swift; sourceTree = "<group>"; };
		D342961E1C792F9C00C33920 /* PollResultsViewContainer.swift */ = {isa = PBXFileReference; fileEncoding = 4; lastKnownFileType = sourcecode.swift; name = PollResultsViewContainer.swift; path = pollresultsviews/PollResultsViewContainer.swift; sourceTree = "<group>"; };
		D34296251C79308900C33920 /* FirebaseData.swift */ = {isa = PBXFileReference; fileEncoding = 4; lastKnownFileType = sourcecode.swift; path = FirebaseData.swift; sourceTree = "<group>"; };
		D3D4593A1C6FE626000ABD57 /* CreateQuestionContainerView.swift */ = {isa = PBXFileReference; fileEncoding = 4; lastKnownFileType = sourcecode.swift; path = CreateQuestionContainerView.swift; sourceTree = "<group>"; };
		D3D4593C1C6FE646000ABD57 /* CreateQuestionContainerView.xib */ = {isa = PBXFileReference; fileEncoding = 4; lastKnownFileType = file.xib; path = CreateQuestionContainerView.xib; sourceTree = "<group>"; };
/* End PBXFileReference section */

/* Begin PBXFrameworksBuildPhase section */
		76B28C121C66C84A008407EE /* Frameworks */ = {
			isa = PBXFrameworksBuildPhase;
			buildActionMask = 2147483647;
			files = (
				250E2B0500B548C2467E30CF /* Pods_PollingApp.framework in Frameworks */,
			);
			runOnlyForDeploymentPostprocessing = 0;
		};
		76B28C281C66C84B008407EE /* Frameworks */ = {
			isa = PBXFrameworksBuildPhase;
			buildActionMask = 2147483647;
			files = (
				D79D6DB61C259CCB359D89CF /* Pods_PollingAppTests.framework in Frameworks */,
			);
			runOnlyForDeploymentPostprocessing = 0;
		};
		76B28C331C66C84B008407EE /* Frameworks */ = {
			isa = PBXFrameworksBuildPhase;
			buildActionMask = 2147483647;
			files = (
				3E7E717C4F6D5A585AE2C154 /* Pods_PollingAppUITests.framework in Frameworks */,
			);
			runOnlyForDeploymentPostprocessing = 0;
		};
/* End PBXFrameworksBuildPhase section */

/* Begin PBXGroup section */
		4AB34CF7E72F35A4A8E26075 /* Pods */ = {
			isa = PBXGroup;
			children = (
				C58CF8BA5F6399BAAE94BC1F /* Pods-PollingApp.debug.xcconfig */,
				6A73DBBC734CAB0F5BD92DF3 /* Pods-PollingApp.release.xcconfig */,
				651FCF0C72B145F476A07005 /* Pods-PollingAppTests.debug.xcconfig */,
				60036E3CCDA4832E9B1D4CC3 /* Pods-PollingAppTests.release.xcconfig */,
				C985ED9000D18F78D6CB685A /* Pods-PollingAppUITests.debug.xcconfig */,
				3A613A0296CE71CACBB45669 /* Pods-PollingAppUITests.release.xcconfig */,
			);
			name = Pods;
			sourceTree = "<group>";
		};
		521E4FF21C8B9CFD004A8F52 /* poll user views */ = {
			isa = PBXGroup;
			children = (
				521E4FF51C8B9D48004A8F52 /* PollUserViewContainer.swift */,
				521E4FF61C8B9D48004A8F52 /* PollUserViewContainer.xib */,
				6E705D4C1C9925160096AD36 /* AnswerViewTableViewCell.swift */,
				6E705D4D1C9925160096AD36 /* AnswerViewTableViewCell.xib */,
			);
			name = "poll user views";
			sourceTree = "<group>";
		};
		52C2C65B1C9A7395001779F5 /* room nearby views */ = {
			isa = PBXGroup;
			children = (
				523FCD051C9BE1F3007EA5E1 /* RoomViewTableViewCell.swift */,
				523FCD061C9BE1F3007EA5E1 /* RoomViewTableViewCell.xib */,
				52C2C65E1C9A7700001779F5 /* RoomsNearbyViewContainer.xib */,
				523FCD011C9BD84A007EA5E1 /* RoomsNearbyViewContainer.swift */,
			);
			name = "room nearby views";
			sourceTree = "<group>";
		};
		76B28C0C1C66C84A008407EE = {
			isa = PBXGroup;
			children = (
				D34296241C79308900C33920 /* Firebase */,
				76B28C171C66C84A008407EE /* PollingApp */,
				76B28C2E1C66C84B008407EE /* PollingAppTests */,
				76B28C391C66C84B008407EE /* PollingAppUITests */,
				76B28C161C66C84A008407EE /* Products */,
				4AB34CF7E72F35A4A8E26075 /* Pods */,
				93EDD064CD7CD3580EA6A58B /* Frameworks */,
			);
			sourceTree = "<group>";
		};
		76B28C161C66C84A008407EE /* Products */ = {
			isa = PBXGroup;
			children = (
				76B28C151C66C84A008407EE /* PollingApp.app */,
				76B28C2B1C66C84B008407EE /* PollingAppTests.xctest */,
				76B28C361C66C84B008407EE /* PollingAppUITests.xctest */,
			);
			name = Products;
			sourceTree = "<group>";
		};
		76B28C171C66C84A008407EE /* PollingApp */ = {
			isa = PBXGroup;
			children = (
				C80395FE1C8CB5A8007C276F /* Model */,
				76B28C181C66C84A008407EE /* AppDelegate.swift */,
				76B28C4B1C66CC75008407EE /* Constants.swift */,
				76B28C4A1C66CAB3008407EE /* view controllers */,
				76B28C4D1C66CF66008407EE /* custom views */,
				76B28C1E1C66C84A008407EE /* Main.storyboard */,
				76B28C211C66C84A008407EE /* Assets.xcassets */,
				76B28C231C66C84A008407EE /* LaunchScreen.storyboard */,
				76B28C261C66C84A008407EE /* Info.plist */,
				6ECA03741CFA510100FF7B4C /* GoogleService-Info.plist */,
			);
			path = PollingApp;
			sourceTree = "<group>";
		};
		76B28C2E1C66C84B008407EE /* PollingAppTests */ = {
			isa = PBXGroup;
			children = (
				76B28C2F1C66C84B008407EE /* PollingAppTests.swift */,
				76B28C311C66C84B008407EE /* Info.plist */,
				C80EE1981D287D39005872DD /* TimerUtilTest.swift */,
				43D5B3FF1D31BDF500A3EB5C /* MathUtilTest.swift */,
			);
			path = PollingAppTests;
			sourceTree = "<group>";
		};
		76B28C391C66C84B008407EE /* PollingAppUITests */ = {
			isa = PBXGroup;
			children = (
				76B28C3A1C66C84B008407EE /* PollingAppUITests.swift */,
				76B28C3C1C66C84B008407EE /* Info.plist */,
			);
			path = PollingAppUITests;
			sourceTree = "<group>";
		};
		76B28C4A1C66CAB3008407EE /* view controllers */ = {
			isa = PBXGroup;
			children = (
				76B28C481C66CAAA008407EE /* InputNameViewController.swift */,
				76C150081C6FDFCC0066C0FE /* CreateQuestionViewController.swift */,
				52D0395B1C989D8000367271 /* RoomsNearbyViewController.swift */,
				76C1500A1C6FE0220066C0FE /* PollAdminViewController.swift */,
				76C1500C1C6FE0550066C0FE /* PollResultsViewController.swift */,
				76C150061C6FDF8E0066C0FE /* PollUserViewController.swift */,
				76C150041C6FDF4C0066C0FE /* CreatedQuestionsViewController.swift */,
				76C150021C6FDE3E0066C0FE /* JoinRoomViewController.swift */,
				76B28C1A1C66C84A008407EE /* CampaignsViewController.swift */,
				76B28C1C1C66C84A008407EE /* SecondViewController.swift */,
			);
			path = "view controllers";
			sourceTree = "<group>";
		};
		76B28C4D1C66CF66008407EE /* custom views */ = {
			isa = PBXGroup;
			children = (
				52C2C65B1C9A7395001779F5 /* room nearby views */,
				D0659D201CB0681C00D98EED /* PollAdminView */,
				521E4FF21C8B9CFD004A8F52 /* poll user views */,
				D342961C1C792F7900C33920 /* pollresultsviews */,
				D3D4593E1C6FE64D000ABD57 /* create question */,
				76C150121C6FE1670066C0FE /* campaign views */,
				76C150131C6FE17C0066C0FE /* room views */,
			);
			path = "custom views";
			sourceTree = "<group>";
		};
		76C150121C6FE1670066C0FE /* campaign views */ = {
			isa = PBXGroup;
			children = (
				52EB17B61CB21CC300C40DBC /* CampaignViewTableViewCell.xib */,
				76B28C4E1C66CF8B008407EE /* CampaignViewTableViewCell.swift */,
				76B28C521C66D0B0008407EE /* CampaignViewContainer.swift */,
				52A1795B1CB079E500BADA2A /* CampaignViewContainer.xib */,
			);
			name = "campaign views";
			sourceTree = "<group>";
		};
		76C150131C6FE17C0066C0FE /* room views */ = {
			isa = PBXGroup;
			children = (
				76C1500E1C6FE14C0066C0FE /* RoomViewContainer.swift */,
				76C150101C6FE15F0066C0FE /* RoomViewContainer.xib */,
			);
			name = "room views";
			sourceTree = "<group>";
		};
		93EDD064CD7CD3580EA6A58B /* Frameworks */ = {
			isa = PBXGroup;
			children = (
				A66CDFCB36B3C4477960E23B /* Pods_PollingAppTests.framework */,
				8441E8DD16DDBF46611D1B6C /* Pods_PollingAppUITests.framework */,
				BE145B2DBCA1EC9373BDBFFA /* Pods_PollingApp.framework */,
			);
			name = Frameworks;
			sourceTree = "<group>";
		};
		C80395FE1C8CB5A8007C276F /* Model */ = {
			isa = PBXGroup;
			children = (
				C80EE1951D2873F8005872DD /* Utils */,
				C80396171C8CE2F1007C276F /* AnswerModel */,
				C80396121C8CD853007C276F /* QuestionModel */,
				C803960B1C8CC8E1007C276F /* RoomModel */,
				C80396081C8CC7CC007C276F /* NameModel */,
				C80396071C8CC79B007C276F /* TimerModel */,
				C80395FF1C8CB5FE007C276F /* ModelInterface.swift */,
			);
			name = Model;
			sourceTree = "<group>";
		};
		C80396071C8CC79B007C276F /* TimerModel */ = {
			isa = PBXGroup;
			children = (
				C80396031C8CB743007C276F /* TimerModelProtocol.swift */,
				C80396011C8CB73D007C276F /* TimerModelExtension.swift */,
			);
			name = TimerModel;
			sourceTree = "<group>";
		};
		C80396081C8CC7CC007C276F /* NameModel */ = {
			isa = PBXGroup;
			children = (
				C80396091C8CC7F0007C276F /* NameModelProtocol.swift */,
				C80396051C8CC790007C276F /* NameModelExtension.swift */,
			);
			name = NameModel;
			sourceTree = "<group>";
		};
		C803960B1C8CC8E1007C276F /* RoomModel */ = {
			isa = PBXGroup;
			children = (
				C803960C1C8CC8F7007C276F /* RoomModelProtocol.swift */,
				C803960E1C8CC995007C276F /* RoomModelExtentsion.swift */,
			);
			name = RoomModel;
			sourceTree = "<group>";
		};
		C80396121C8CD853007C276F /* QuestionModel */ = {
			isa = PBXGroup;
			children = (
				C80396131C8CD869007C276F /* QuestionModelProtocol.swift */,
				C80396151C8CE15E007C276F /* QuestionModelExtension.swift */,
				D0B241C71D10EF29006DD380 /* Question.swift */,
			);
			name = QuestionModel;
			sourceTree = "<group>";
		};
		C80396171C8CE2F1007C276F /* AnswerModel */ = {
			isa = PBXGroup;
			children = (
				C80396181C8CE2FE007C276F /* AnswerModelProtocol.swift */,
				C803961A1C8CE6D0007C276F /* AnswerModelExtension.swift */,
				D0B241C91D10F9E8006DD380 /* Answer.swift */,
			);
			name = AnswerModel;
			sourceTree = "<group>";
		};
		C80EE1951D2873F8005872DD /* Utils */ = {
			isa = PBXGroup;
			children = (
				C80EE1961D287417005872DD /* TimerUtil.swift */,
				D07A88F01D319E360071FB6A /* MathUtil.swift */,
			);
			name = Utils;
			sourceTree = "<group>";
		};
		D0659D201CB0681C00D98EED /* PollAdminView */ = {
			isa = PBXGroup;
			children = (
				D0659D211CB068F600D98EED /* PollAdminViewContainer.xib */,
				D0659D2D1CB0767300D98EED /* AnswerAdminTableViewCell.swift */,
				D0659D2E1CB0767300D98EED /* AnswerAdminTableViewCell.xib */,
				D0659D231CB06AAD00D98EED /* PollAdminViewContainer.swift */,
			);
			name = PollAdminView;
			sourceTree = "<group>";
		};
		D342961C1C792F7900C33920 /* pollresultsviews */ = {
			isa = PBXGroup;
			children = (
				D342961E1C792F9C00C33920 /* PollResultsViewContainer.swift */,
				6E04B3DD1CDEB4FA003408AB /* PollResultsViewContainer.xib */,
				6E3D7BEB1CA4A243001E685B /* PollResultsTableViewCell.swift */,
				6E3D7BEC1CA4A243001E685B /* PollResultsTableViewCell.xib */,
			);
			name = pollresultsviews;
			sourceTree = "<group>";
		};
		D34296241C79308900C33920 /* Firebase */ = {
			isa = PBXGroup;
			children = (
				D34296251C79308900C33920 /* FirebaseData.swift */,
			);
			path = Firebase;
			sourceTree = "<group>";
		};
		D3D4593E1C6FE64D000ABD57 /* create question */ = {
			isa = PBXGroup;
			children = (
				D3D4593A1C6FE626000ABD57 /* CreateQuestionContainerView.swift */,
				D3D4593C1C6FE646000ABD57 /* CreateQuestionContainerView.xib */,
			);
			name = "create question";
			sourceTree = "<group>";
		};
/* End PBXGroup section */

/* Begin PBXNativeTarget section */
		76B28C141C66C84A008407EE /* PollingApp */ = {
			isa = PBXNativeTarget;
			buildConfigurationList = 76B28C3F1C66C84B008407EE /* Build configuration list for PBXNativeTarget "PollingApp" */;
			buildPhases = (
				E0E00691FCBC9891577C5218 /* 📦 Check Pods Manifest.lock */,
				76B28C111C66C84A008407EE /* Sources */,
				76B28C121C66C84A008407EE /* Frameworks */,
				76B28C131C66C84A008407EE /* Resources */,
				15583082174C51DE76F58874 /* 📦 Embed Pods Frameworks */,
				F48738B7719D18CF31B5A0E0 /* 📦 Copy Pods Resources */,
			);
			buildRules = (
			);
			dependencies = (
			);
			name = PollingApp;
			productName = PollingApp;
			productReference = 76B28C151C66C84A008407EE /* PollingApp.app */;
			productType = "com.apple.product-type.application";
		};
		76B28C2A1C66C84B008407EE /* PollingAppTests */ = {
			isa = PBXNativeTarget;
			buildConfigurationList = 76B28C421C66C84B008407EE /* Build configuration list for PBXNativeTarget "PollingAppTests" */;
			buildPhases = (
				3E115DB1240847F6BCF5F9AC /* 📦 Check Pods Manifest.lock */,
				76B28C271C66C84B008407EE /* Sources */,
				76B28C281C66C84B008407EE /* Frameworks */,
				76B28C291C66C84B008407EE /* Resources */,
				061943EFCB98754632D69908 /* 📦 Embed Pods Frameworks */,
				3105597C7846E78EA75E3873 /* 📦 Copy Pods Resources */,
			);
			buildRules = (
			);
			dependencies = (
				76B28C2D1C66C84B008407EE /* PBXTargetDependency */,
			);
			name = PollingAppTests;
			productName = PollingAppTests;
			productReference = 76B28C2B1C66C84B008407EE /* PollingAppTests.xctest */;
			productType = "com.apple.product-type.bundle.unit-test";
		};
		76B28C351C66C84B008407EE /* PollingAppUITests */ = {
			isa = PBXNativeTarget;
			buildConfigurationList = 76B28C451C66C84B008407EE /* Build configuration list for PBXNativeTarget "PollingAppUITests" */;
			buildPhases = (
				2047A335BC3DCD3A0D5487F6 /* 📦 Check Pods Manifest.lock */,
				76B28C321C66C84B008407EE /* Sources */,
				76B28C331C66C84B008407EE /* Frameworks */,
				76B28C341C66C84B008407EE /* Resources */,
				5C3111946E9C3CBC667F45BC /* 📦 Copy Pods Resources */,
			);
			buildRules = (
			);
			dependencies = (
				76B28C381C66C84B008407EE /* PBXTargetDependency */,
			);
			name = PollingAppUITests;
			productName = PollingAppUITests;
			productReference = 76B28C361C66C84B008407EE /* PollingAppUITests.xctest */;
			productType = "com.apple.product-type.bundle.ui-testing";
		};
/* End PBXNativeTarget section */

/* Begin PBXProject section */
		76B28C0D1C66C84A008407EE /* Project object */ = {
			isa = PBXProject;
			attributes = {
				LastSwiftUpdateCheck = 0720;
				LastUpgradeCheck = 0720;
				ORGANIZATIONNAME = "Gabriel Uribe";
				TargetAttributes = {
					76B28C141C66C84A008407EE = {
						CreatedOnToolsVersion = 7.2.1;
						DevelopmentTeam = L822HFXC5L;
					};
					76B28C2A1C66C84B008407EE = {
						CreatedOnToolsVersion = 7.2.1;
						TestTargetID = 76B28C141C66C84A008407EE;
					};
					76B28C351C66C84B008407EE = {
						CreatedOnToolsVersion = 7.2.1;
						TestTargetID = 76B28C141C66C84A008407EE;
					};
				};
			};
			buildConfigurationList = 76B28C101C66C84A008407EE /* Build configuration list for PBXProject "PollingApp" */;
			compatibilityVersion = "Xcode 3.2";
			developmentRegion = English;
			hasScannedForEncodings = 0;
			knownRegions = (
				en,
				Base,
			);
			mainGroup = 76B28C0C1C66C84A008407EE;
			productRefGroup = 76B28C161C66C84A008407EE /* Products */;
			projectDirPath = "";
			projectRoot = "";
			targets = (
				76B28C141C66C84A008407EE /* PollingApp */,
				76B28C2A1C66C84B008407EE /* PollingAppTests */,
				76B28C351C66C84B008407EE /* PollingAppUITests */,
			);
		};
/* End PBXProject section */

/* Begin PBXResourcesBuildPhase section */
		76B28C131C66C84A008407EE /* Resources */ = {
			isa = PBXResourcesBuildPhase;
			buildActionMask = 2147483647;
			files = (
				52A1795C1CB079E500BADA2A /* CampaignViewContainer.xib in Resources */,
				523FCD081C9BE1F3007EA5E1 /* RoomViewTableViewCell.xib in Resources */,
				76B28C251C66C84A008407EE /* LaunchScreen.storyboard in Resources */,
				D3D4593D1C6FE646000ABD57 /* CreateQuestionContainerView.xib in Resources */,
				6E3D7BEE1CA4A243001E685B /* PollResultsTableViewCell.xib in Resources */,
				52EB17B71CB21CC300C40DBC /* CampaignViewTableViewCell.xib in Resources */,
				521E4FFA1C8B9D48004A8F52 /* PollUserViewContainer.xib in Resources */,
				6E705D4F1C9925160096AD36 /* AnswerViewTableViewCell.xib in Resources */,
				76C150111C6FE15F0066C0FE /* RoomViewContainer.xib in Resources */,
				52C2C65F1C9A7700001779F5 /* RoomsNearbyViewContainer.xib in Resources */,
				D0659D301CB0767300D98EED /* AnswerAdminTableViewCell.xib in Resources */,
				76B28C251C66C84A008407EE /* LaunchScreen.storyboard in Resources */,
				D3D4593D1C6FE646000ABD57 /* CreateQuestionContainerView.xib in Resources */,
				D0659D221CB068F600D98EED /* PollAdminViewContainer.xib in Resources */,
				521E4FFA1C8B9D48004A8F52 /* PollUserViewContainer.xib in Resources */,
				6E705D4F1C9925160096AD36 /* AnswerViewTableViewCell.xib in Resources */,
				6E04B3DE1CDEB4FA003408AB /* PollResultsViewContainer.xib in Resources */,
				76C150111C6FE15F0066C0FE /* RoomViewContainer.xib in Resources */,
				76B28C221C66C84A008407EE /* Assets.xcassets in Resources */,
				76B28C201C66C84A008407EE /* Main.storyboard in Resources */,
				6ECA03751CFA510100FF7B4C /* GoogleService-Info.plist in Resources */,
			);
			runOnlyForDeploymentPostprocessing = 0;
		};
		76B28C291C66C84B008407EE /* Resources */ = {
			isa = PBXResourcesBuildPhase;
			buildActionMask = 2147483647;
			files = (
			);
			runOnlyForDeploymentPostprocessing = 0;
		};
		76B28C341C66C84B008407EE /* Resources */ = {
			isa = PBXResourcesBuildPhase;
			buildActionMask = 2147483647;
			files = (
			);
			runOnlyForDeploymentPostprocessing = 0;
		};
/* End PBXResourcesBuildPhase section */

/* Begin PBXShellScriptBuildPhase section */
		061943EFCB98754632D69908 /* 📦 Embed Pods Frameworks */ = {
			isa = PBXShellScriptBuildPhase;
			buildActionMask = 2147483647;
			files = (
			);
			inputPaths = (
			);
			name = "📦 Embed Pods Frameworks";
			outputPaths = (
			);
			runOnlyForDeploymentPostprocessing = 0;
			shellPath = /bin/sh;
			shellScript = "\"${SRCROOT}/Pods/Target Support Files/Pods-PollingAppTests/Pods-PollingAppTests-frameworks.sh\"\n";
			showEnvVarsInLog = 0;
		};
		15583082174C51DE76F58874 /* 📦 Embed Pods Frameworks */ = {
			isa = PBXShellScriptBuildPhase;
			buildActionMask = 2147483647;
			files = (
			);
			inputPaths = (
			);
			name = "📦 Embed Pods Frameworks";
			outputPaths = (
			);
			runOnlyForDeploymentPostprocessing = 0;
			shellPath = /bin/sh;
			shellScript = "\"${SRCROOT}/Pods/Target Support Files/Pods-PollingApp/Pods-PollingApp-frameworks.sh\"\n";
			showEnvVarsInLog = 0;
		};
		2047A335BC3DCD3A0D5487F6 /* 📦 Check Pods Manifest.lock */ = {
			isa = PBXShellScriptBuildPhase;
			buildActionMask = 2147483647;
			files = (
			);
			inputPaths = (
			);
			name = "📦 Check Pods Manifest.lock";
			outputPaths = (
			);
			runOnlyForDeploymentPostprocessing = 0;
			shellPath = /bin/sh;
			shellScript = "diff \"${PODS_ROOT}/../Podfile.lock\" \"${PODS_ROOT}/Manifest.lock\" > /dev/null\nif [[ $? != 0 ]] ; then\n    cat << EOM\nerror: The sandbox is not in sync with the Podfile.lock. Run 'pod install' or update your CocoaPods installation.\nEOM\n    exit 1\nfi\n";
			showEnvVarsInLog = 0;
		};
		3105597C7846E78EA75E3873 /* 📦 Copy Pods Resources */ = {
			isa = PBXShellScriptBuildPhase;
			buildActionMask = 2147483647;
			files = (
			);
			inputPaths = (
			);
			name = "📦 Copy Pods Resources";
			outputPaths = (
			);
			runOnlyForDeploymentPostprocessing = 0;
			shellPath = /bin/sh;
			shellScript = "\"${SRCROOT}/Pods/Target Support Files/Pods-PollingAppTests/Pods-PollingAppTests-resources.sh\"\n";
			showEnvVarsInLog = 0;
		};
		3E115DB1240847F6BCF5F9AC /* 📦 Check Pods Manifest.lock */ = {
			isa = PBXShellScriptBuildPhase;
			buildActionMask = 2147483647;
			files = (
			);
			inputPaths = (
			);
			name = "📦 Check Pods Manifest.lock";
			outputPaths = (
			);
			runOnlyForDeploymentPostprocessing = 0;
			shellPath = /bin/sh;
			shellScript = "diff \"${PODS_ROOT}/../Podfile.lock\" \"${PODS_ROOT}/Manifest.lock\" > /dev/null\nif [[ $? != 0 ]] ; then\n    cat << EOM\nerror: The sandbox is not in sync with the Podfile.lock. Run 'pod install' or update your CocoaPods installation.\nEOM\n    exit 1\nfi\n";
			showEnvVarsInLog = 0;
		};
		5C3111946E9C3CBC667F45BC /* 📦 Copy Pods Resources */ = {
			isa = PBXShellScriptBuildPhase;
			buildActionMask = 2147483647;
			files = (
			);
			inputPaths = (
			);
			name = "📦 Copy Pods Resources";
			outputPaths = (
			);
			runOnlyForDeploymentPostprocessing = 0;
			shellPath = /bin/sh;
			shellScript = "\"${SRCROOT}/Pods/Target Support Files/Pods-PollingAppUITests/Pods-PollingAppUITests-resources.sh\"\n";
			showEnvVarsInLog = 0;
		};
		E0E00691FCBC9891577C5218 /* 📦 Check Pods Manifest.lock */ = {
			isa = PBXShellScriptBuildPhase;
			buildActionMask = 2147483647;
			files = (
			);
			inputPaths = (
			);
			name = "📦 Check Pods Manifest.lock";
			outputPaths = (
			);
			runOnlyForDeploymentPostprocessing = 0;
			shellPath = /bin/sh;
			shellScript = "diff \"${PODS_ROOT}/../Podfile.lock\" \"${PODS_ROOT}/Manifest.lock\" > /dev/null\nif [[ $? != 0 ]] ; then\n    cat << EOM\nerror: The sandbox is not in sync with the Podfile.lock. Run 'pod install' or update your CocoaPods installation.\nEOM\n    exit 1\nfi\n";
			showEnvVarsInLog = 0;
		};
		F48738B7719D18CF31B5A0E0 /* 📦 Copy Pods Resources */ = {
			isa = PBXShellScriptBuildPhase;
			buildActionMask = 2147483647;
			files = (
			);
			inputPaths = (
			);
			name = "📦 Copy Pods Resources";
			outputPaths = (
			);
			runOnlyForDeploymentPostprocessing = 0;
			shellPath = /bin/sh;
			shellScript = "\"${SRCROOT}/Pods/Target Support Files/Pods-PollingApp/Pods-PollingApp-resources.sh\"\n";
			showEnvVarsInLog = 0;
		};
/* End PBXShellScriptBuildPhase section */

/* Begin PBXSourcesBuildPhase section */
		76B28C111C66C84A008407EE /* Sources */ = {
			isa = PBXSourcesBuildPhase;
			buildActionMask = 2147483647;
			files = (
				76B28C531C66D0B0008407EE /* CampaignViewContainer.swift in Sources */,
				76C150051C6FDF4C0066C0FE /* CreatedQuestionsViewController.swift in Sources */,
				76B28C4F1C66CF8B008407EE /* CampaignViewTableViewCell.swift in Sources */,
				C80396161C8CE15E007C276F /* QuestionModelExtension.swift in Sources */,
				6E3D7BED1CA4A243001E685B /* PollResultsTableViewCell.swift in Sources */,
				D0B241CA1D10F9E8006DD380 /* Answer.swift in Sources */,
				C80EE1971D287417005872DD /* TimerUtil.swift in Sources */,
				76C150091C6FDFCC0066C0FE /* CreateQuestionViewController.swift in Sources */,
				C80396141C8CD869007C276F /* QuestionModelProtocol.swift in Sources */,
				76B28C4C1C66CC75008407EE /* Constants.swift in Sources */,
				76B28C491C66CAAA008407EE /* InputNameViewController.swift in Sources */,
				523FCD021C9BD84A007EA5E1 /* RoomsNearbyViewContainer.swift in Sources */,
				C80396041C8CB743007C276F /* TimerModelProtocol.swift in Sources */,
				52D0395C1C989D8000367271 /* RoomsNearbyViewController.swift in Sources */,
				76B28C1D1C66C84A008407EE /* SecondViewController.swift in Sources */,
				76C1500F1C6FE14C0066C0FE /* RoomViewContainer.swift in Sources */,
				C803960D1C8CC8F7007C276F /* RoomModelProtocol.swift in Sources */,
				D07A88F11D319E360071FB6A /* MathUtil.swift in Sources */,
				D0B241C81D10EF29006DD380 /* Question.swift in Sources */,
				C803961B1C8CE6D0007C276F /* AnswerModelExtension.swift in Sources */,
				76C1500D1C6FE0550066C0FE /* PollResultsViewController.swift in Sources */,
				D3D4593B1C6FE626000ABD57 /* CreateQuestionContainerView.swift in Sources */,
				D0659D241CB06AAD00D98EED /* PollAdminViewContainer.swift in Sources */,
				C80396191C8CE2FE007C276F /* AnswerModelProtocol.swift in Sources */,
				D34296211C792F9C00C33920 /* PollResultsViewContainer.swift in Sources */,
				C803960A1C8CC7F0007C276F /* NameModelProtocol.swift in Sources */,
				6E705D4E1C9925160096AD36 /* AnswerViewTableViewCell.swift in Sources */,
				76C1500B1C6FE0220066C0FE /* PollAdminViewController.swift in Sources */,
				521E4FF91C8B9D48004A8F52 /* PollUserViewContainer.swift in Sources */,
				C803960F1C8CC995007C276F /* RoomModelExtentsion.swift in Sources */,
				D34296261C79308900C33920 /* FirebaseData.swift in Sources */,
				76B28C191C66C84A008407EE /* AppDelegate.swift in Sources */,
				C80396021C8CB73D007C276F /* TimerModelExtension.swift in Sources */,
				76B28C1B1C66C84A008407EE /* CampaignsViewController.swift in Sources */,
				C80396061C8CC790007C276F /* NameModelExtension.swift in Sources */,
				76C150071C6FDF8E0066C0FE /* PollUserViewController.swift in Sources */,
				76C150031C6FDE3E0066C0FE /* JoinRoomViewController.swift in Sources */,
				D0659D2F1CB0767300D98EED /* AnswerAdminTableViewCell.swift in Sources */,
				C80396001C8CB5FE007C276F /* ModelInterface.swift in Sources */,
				523FCD071C9BE1F3007EA5E1 /* RoomViewTableViewCell.swift in Sources */,
			);
			runOnlyForDeploymentPostprocessing = 0;
		};
		76B28C271C66C84B008407EE /* Sources */ = {
			isa = PBXSourcesBuildPhase;
			buildActionMask = 2147483647;
			files = (
				76B28C301C66C84B008407EE /* PollingAppTests.swift in Sources */,
				43D5B4001D31BDF500A3EB5C /* MathUtilTest.swift in Sources */,
				C80EE1991D287D39005872DD /* TimerUtilTest.swift in Sources */,
			);
			runOnlyForDeploymentPostprocessing = 0;
		};
		76B28C321C66C84B008407EE /* Sources */ = {
			isa = PBXSourcesBuildPhase;
			buildActionMask = 2147483647;
			files = (
				76B28C3B1C66C84B008407EE /* PollingAppUITests.swift in Sources */,
			);
			runOnlyForDeploymentPostprocessing = 0;
		};
/* End PBXSourcesBuildPhase section */

/* Begin PBXTargetDependency section */
		76B28C2D1C66C84B008407EE /* PBXTargetDependency */ = {
			isa = PBXTargetDependency;
			target = 76B28C141C66C84A008407EE /* PollingApp */;
			targetProxy = 76B28C2C1C66C84B008407EE /* PBXContainerItemProxy */;
		};
		76B28C381C66C84B008407EE /* PBXTargetDependency */ = {
			isa = PBXTargetDependency;
			target = 76B28C141C66C84A008407EE /* PollingApp */;
			targetProxy = 76B28C371C66C84B008407EE /* PBXContainerItemProxy */;
		};
/* End PBXTargetDependency section */

/* Begin PBXVariantGroup section */
		76B28C1E1C66C84A008407EE /* Main.storyboard */ = {
			isa = PBXVariantGroup;
			children = (
				76B28C1F1C66C84A008407EE /* Base */,
			);
			name = Main.storyboard;
			sourceTree = "<group>";
		};
		76B28C231C66C84A008407EE /* LaunchScreen.storyboard */ = {
			isa = PBXVariantGroup;
			children = (
				76B28C241C66C84A008407EE /* Base */,
			);
			name = LaunchScreen.storyboard;
			sourceTree = "<group>";
		};
/* End PBXVariantGroup section */

/* Begin XCBuildConfiguration section */
		76B28C3D1C66C84B008407EE /* Debug */ = {
			isa = XCBuildConfiguration;
			buildSettings = {
				ALWAYS_SEARCH_USER_PATHS = NO;
				CLANG_CXX_LANGUAGE_STANDARD = "gnu++0x";
				CLANG_CXX_LIBRARY = "libc++";
				CLANG_ENABLE_MODULES = YES;
				CLANG_ENABLE_OBJC_ARC = YES;
				CLANG_WARN_BOOL_CONVERSION = YES;
				CLANG_WARN_CONSTANT_CONVERSION = YES;
				CLANG_WARN_DIRECT_OBJC_ISA_USAGE = YES_ERROR;
				CLANG_WARN_EMPTY_BODY = YES;
				CLANG_WARN_ENUM_CONVERSION = YES;
				CLANG_WARN_INT_CONVERSION = YES;
				CLANG_WARN_OBJC_ROOT_CLASS = YES_ERROR;
				CLANG_WARN_UNREACHABLE_CODE = YES;
				CLANG_WARN__DUPLICATE_METHOD_MATCH = YES;
				"CODE_SIGN_IDENTITY[sdk=iphoneos*]" = "iPhone Developer";
				COPY_PHASE_STRIP = NO;
				DEBUG_INFORMATION_FORMAT = dwarf;
				ENABLE_STRICT_OBJC_MSGSEND = YES;
				ENABLE_TESTABILITY = YES;
				GCC_C_LANGUAGE_STANDARD = gnu99;
				GCC_DYNAMIC_NO_PIC = NO;
				GCC_NO_COMMON_BLOCKS = YES;
				GCC_OPTIMIZATION_LEVEL = 0;
				GCC_PREPROCESSOR_DEFINITIONS = (
					"DEBUG=1",
					"$(inherited)",
				);
				GCC_WARN_64_TO_32_BIT_CONVERSION = YES;
				GCC_WARN_ABOUT_RETURN_TYPE = YES_ERROR;
				GCC_WARN_UNDECLARED_SELECTOR = YES;
				GCC_WARN_UNINITIALIZED_AUTOS = YES_AGGRESSIVE;
				GCC_WARN_UNUSED_FUNCTION = YES;
				GCC_WARN_UNUSED_VARIABLE = YES;
				IPHONEOS_DEPLOYMENT_TARGET = 9.2;
				MTL_ENABLE_DEBUG_INFO = YES;
				ONLY_ACTIVE_ARCH = YES;
				SDKROOT = iphoneos;
				SWIFT_OPTIMIZATION_LEVEL = "-Onone";
				TARGETED_DEVICE_FAMILY = "1,2";
			};
			name = Debug;
		};
		76B28C3E1C66C84B008407EE /* Release */ = {
			isa = XCBuildConfiguration;
			buildSettings = {
				ALWAYS_SEARCH_USER_PATHS = NO;
				CLANG_CXX_LANGUAGE_STANDARD = "gnu++0x";
				CLANG_CXX_LIBRARY = "libc++";
				CLANG_ENABLE_MODULES = YES;
				CLANG_ENABLE_OBJC_ARC = YES;
				CLANG_WARN_BOOL_CONVERSION = YES;
				CLANG_WARN_CONSTANT_CONVERSION = YES;
				CLANG_WARN_DIRECT_OBJC_ISA_USAGE = YES_ERROR;
				CLANG_WARN_EMPTY_BODY = YES;
				CLANG_WARN_ENUM_CONVERSION = YES;
				CLANG_WARN_INT_CONVERSION = YES;
				CLANG_WARN_OBJC_ROOT_CLASS = YES_ERROR;
				CLANG_WARN_UNREACHABLE_CODE = YES;
				CLANG_WARN__DUPLICATE_METHOD_MATCH = YES;
				"CODE_SIGN_IDENTITY[sdk=iphoneos*]" = "iPhone Developer";
				COPY_PHASE_STRIP = NO;
				DEBUG_INFORMATION_FORMAT = "dwarf-with-dsym";
				ENABLE_NS_ASSERTIONS = NO;
				ENABLE_STRICT_OBJC_MSGSEND = YES;
				GCC_C_LANGUAGE_STANDARD = gnu99;
				GCC_NO_COMMON_BLOCKS = YES;
				GCC_WARN_64_TO_32_BIT_CONVERSION = YES;
				GCC_WARN_ABOUT_RETURN_TYPE = YES_ERROR;
				GCC_WARN_UNDECLARED_SELECTOR = YES;
				GCC_WARN_UNINITIALIZED_AUTOS = YES_AGGRESSIVE;
				GCC_WARN_UNUSED_FUNCTION = YES;
				GCC_WARN_UNUSED_VARIABLE = YES;
				IPHONEOS_DEPLOYMENT_TARGET = 9.2;
				MTL_ENABLE_DEBUG_INFO = NO;
				SDKROOT = iphoneos;
				TARGETED_DEVICE_FAMILY = "1,2";
				VALIDATE_PRODUCT = YES;
			};
			name = Release;
		};
		76B28C401C66C84B008407EE /* Debug */ = {
			isa = XCBuildConfiguration;
			baseConfigurationReference = C58CF8BA5F6399BAAE94BC1F /* Pods-PollingApp.debug.xcconfig */;
			buildSettings = {
				ASSETCATALOG_COMPILER_APPICON_NAME = AppIcon;
				CODE_SIGN_IDENTITY = "iPhone Developer";
				"CODE_SIGN_IDENTITY[sdk=iphoneos*]" = "iPhone Developer";
				INFOPLIST_FILE = PollingApp/Info.plist;
				LD_RUNPATH_SEARCH_PATHS = "$(inherited) @executable_path/Frameworks";
				PRODUCT_BUNDLE_IDENTIFIER = Gabriel.PollingApp.ssss;
				PRODUCT_NAME = "$(TARGET_NAME)";
				PROVISIONING_PROFILE = "";
			};
			name = Debug;
		};
		76B28C411C66C84B008407EE /* Release */ = {
			isa = XCBuildConfiguration;
			baseConfigurationReference = 6A73DBBC734CAB0F5BD92DF3 /* Pods-PollingApp.release.xcconfig */;
			buildSettings = {
				ASSETCATALOG_COMPILER_APPICON_NAME = AppIcon;
				CODE_SIGN_IDENTITY = "iPhone Developer";
				"CODE_SIGN_IDENTITY[sdk=iphoneos*]" = "iPhone Developer";
				INFOPLIST_FILE = PollingApp/Info.plist;
				LD_RUNPATH_SEARCH_PATHS = "$(inherited) @executable_path/Frameworks";
				PRODUCT_BUNDLE_IDENTIFIER = Gabriel.PollingApp.ssss;
				PRODUCT_NAME = "$(TARGET_NAME)";
				PROVISIONING_PROFILE = "";
			};
			name = Release;
		};
		76B28C431C66C84B008407EE /* Debug */ = {
			isa = XCBuildConfiguration;
			baseConfigurationReference = 651FCF0C72B145F476A07005 /* Pods-PollingAppTests.debug.xcconfig */;
			buildSettings = {
				BUNDLE_LOADER = "$(TEST_HOST)";
				INFOPLIST_FILE = PollingAppTests/Info.plist;
				LD_RUNPATH_SEARCH_PATHS = "$(inherited) @executable_path/Frameworks @loader_path/Frameworks";
				PRODUCT_BUNDLE_IDENTIFIER = Gabriel.PollingAppTests;
				PRODUCT_NAME = "$(TARGET_NAME)";
				TEST_HOST = "$(BUILT_PRODUCTS_DIR)/PollingApp.app/PollingApp";
			};
			name = Debug;
		};
		76B28C441C66C84B008407EE /* Release */ = {
			isa = XCBuildConfiguration;
			baseConfigurationReference = 60036E3CCDA4832E9B1D4CC3 /* Pods-PollingAppTests.release.xcconfig */;
			buildSettings = {
				BUNDLE_LOADER = "$(TEST_HOST)";
				INFOPLIST_FILE = PollingAppTests/Info.plist;
				LD_RUNPATH_SEARCH_PATHS = "$(inherited) @executable_path/Frameworks @loader_path/Frameworks";
				PRODUCT_BUNDLE_IDENTIFIER = Gabriel.PollingAppTests;
				PRODUCT_NAME = "$(TARGET_NAME)";
				TEST_HOST = "$(BUILT_PRODUCTS_DIR)/PollingApp.app/PollingApp";
			};
			name = Release;
		};
		76B28C461C66C84B008407EE /* Debug */ = {
			isa = XCBuildConfiguration;
			baseConfigurationReference = C985ED9000D18F78D6CB685A /* Pods-PollingAppUITests.debug.xcconfig */;
			buildSettings = {
				INFOPLIST_FILE = PollingAppUITests/Info.plist;
				LD_RUNPATH_SEARCH_PATHS = "$(inherited) @executable_path/Frameworks @loader_path/Frameworks";
				PRODUCT_BUNDLE_IDENTIFIER = Gabriel.PollingAppUITests;
				PRODUCT_NAME = "$(TARGET_NAME)";
				TEST_TARGET_NAME = PollingApp;
				USES_XCTRUNNER = YES;
			};
			name = Debug;
		};
		76B28C471C66C84B008407EE /* Release */ = {
			isa = XCBuildConfiguration;
			baseConfigurationReference = 3A613A0296CE71CACBB45669 /* Pods-PollingAppUITests.release.xcconfig */;
			buildSettings = {
				INFOPLIST_FILE = PollingAppUITests/Info.plist;
				LD_RUNPATH_SEARCH_PATHS = "$(inherited) @executable_path/Frameworks @loader_path/Frameworks";
				PRODUCT_BUNDLE_IDENTIFIER = Gabriel.PollingAppUITests;
				PRODUCT_NAME = "$(TARGET_NAME)";
				TEST_TARGET_NAME = PollingApp;
				USES_XCTRUNNER = YES;
			};
			name = Release;
		};
/* End XCBuildConfiguration section */

/* Begin XCConfigurationList section */
		76B28C101C66C84A008407EE /* Build configuration list for PBXProject "PollingApp" */ = {
			isa = XCConfigurationList;
			buildConfigurations = (
				76B28C3D1C66C84B008407EE /* Debug */,
				76B28C3E1C66C84B008407EE /* Release */,
			);
			defaultConfigurationIsVisible = 0;
			defaultConfigurationName = Release;
		};
		76B28C3F1C66C84B008407EE /* Build configuration list for PBXNativeTarget "PollingApp" */ = {
			isa = XCConfigurationList;
			buildConfigurations = (
				76B28C401C66C84B008407EE /* Debug */,
				76B28C411C66C84B008407EE /* Release */,
			);
			defaultConfigurationIsVisible = 0;
			defaultConfigurationName = Release;
		};
		76B28C421C66C84B008407EE /* Build configuration list for PBXNativeTarget "PollingAppTests" */ = {
			isa = XCConfigurationList;
			buildConfigurations = (
				76B28C431C66C84B008407EE /* Debug */,
				76B28C441C66C84B008407EE /* Release */,
			);
			defaultConfigurationIsVisible = 0;
			defaultConfigurationName = Release;
		};
		76B28C451C66C84B008407EE /* Build configuration list for PBXNativeTarget "PollingAppUITests" */ = {
			isa = XCConfigurationList;
			buildConfigurations = (
				76B28C461C66C84B008407EE /* Debug */,
				76B28C471C66C84B008407EE /* Release */,
			);
			defaultConfigurationIsVisible = 0;
			defaultConfigurationName = Release;
		};
/* End XCConfigurationList section */
	};
	rootObject = 76B28C0D1C66C84A008407EE /* Project object */;
}
